
Microsoft Visual Studio Solution File, Format Version 12.00
# Visual Studio Version 17
VisualStudioVersion = 17.4.33122.133
MinimumVisualStudioVersion = 10.0.40219.1
Project("{9A19103F-16F7-4668-BE54-9A1E7A4F7556}") = "CoursAspNetCore", "CoursAspNetCore\CoursAspNetCore.csproj", "{7EE2C26E-9D82-44D6-9432-7E7F3F2542C8}"
EndProject
Project("{2150E333-8FDC-42A3-9474-1A3956D46DE8}") = "Correction", "Correction", "{34034FB6-E5AB-4005-B678-E5F2E56772D3}"
EndProject
Project("{9A19103F-16F7-4668-BE54-9A1E7A4F7556}") = "CaisseEnregistreuse", "CaisseEnregistreuse\CaisseEnregistreuse.csproj", "{64D5F215-06BD-4D32-941F-0BD37A3E0CC0}"
EndProject
Project("{FAE04EC0-301F-11D3-BF4B-00C04F79EFBC}") = "TodoList", "TodoList\TodoList.csproj", "{E0C25EC7-59D6-4E2E-8FF3-B56A97C2952B}"
EndProject
Global
	GlobalSection(SolutionConfigurationPlatforms) = preSolution
		Debug|Any CPU = Debug|Any CPU
		Release|Any CPU = Release|Any CPU
	EndGlobalSection
	GlobalSection(ProjectConfigurationPlatforms) = postSolution
		{7EE2C26E-9D82-44D6-9432-7E7F3F2542C8}.Debug|Any CPU.ActiveCfg = Debug|Any CPU
		{7EE2C26E-9D82-44D6-9432-7E7F3F2542C8}.Debug|Any CPU.Build.0 = Debug|Any CPU
		{7EE2C26E-9D82-44D6-9432-7E7F3F2542C8}.Release|Any CPU.ActiveCfg = Release|Any CPU
		{7EE2C26E-9D82-44D6-9432-7E7F3F2542C8}.Release|Any CPU.Build.0 = Release|Any CPU
		{64D5F215-06BD-4D32-941F-0BD37A3E0CC0}.Debug|Any CPU.ActiveCfg = Debug|Any CPU
		{64D5F215-06BD-4D32-941F-0BD37A3E0CC0}.Debug|Any CPU.Build.0 = Debug|Any CPU
		{64D5F215-06BD-4D32-941F-0BD37A3E0CC0}.Release|Any CPU.ActiveCfg = Release|Any CPU
		{64D5F215-06BD-4D32-941F-0BD37A3E0CC0}.Release|Any CPU.Build.0 = Release|Any CPU
		{E0C25EC7-59D6-4E2E-8FF3-B56A97C2952B}.Debug|Any CPU.ActiveCfg = Debug|Any CPU
		{E0C25EC7-59D6-4E2E-8FF3-B56A97C2952B}.Debug|Any CPU.Build.0 = Debug|Any CPU
		{E0C25EC7-59D6-4E2E-8FF3-B56A97C2952B}.Release|Any CPU.ActiveCfg = Release|Any CPU
		{E0C25EC7-59D6-4E2E-8FF3-B56A97C2952B}.Release|Any CPU.Build.0 = Release|Any CPU
	EndGlobalSection
	GlobalSection(SolutionProperties) = preSolution
		HideSolutionNode = FALSE
	EndGlobalSection
	GlobalSection(NestedProjects) = preSolution
		{64D5F215-06BD-4D32-941F-0BD37A3E0CC0} = {34034FB6-E5AB-4005-B678-E5F2E56772D3}
		{E0C25EC7-59D6-4E2E-8FF3-B56A97C2952B} = {34034FB6-E5AB-4005-B678-E5F2E56772D3}
	EndGlobalSection
	GlobalSection(ExtensibilityGlobals) = postSolution
		SolutionGuid = {6B204039-ECAE-4061-9BDC-444B0CD6C687}
	EndGlobalSection
EndGlobal
