
Microsoft Visual Studio Solution File, Format Version 12.00
# Visual Studio Version 17
VisualStudioVersion = 17.4.33122.133
MinimumVisualStudioVersion = 10.0.40219.1
Project("{2150E333-8FDC-42A3-9474-1A3956D46DE8}") = "Cours", "Cours", "{E3472F83-CC99-418D-82A1-5887E5921A25}"
EndProject
Project("{2150E333-8FDC-42A3-9474-1A3956D46DE8}") = "Exercices", "Exercices", "{4BA1A60C-C371-4EEB-9EE2-1AE6F5810FB1}"
EndProject
Project("{9A19103F-16F7-4668-BE54-9A1E7A4F7556}") = "DecouverteConsole", "Cours\DecouverteConsole\DecouverteConsole.csproj", "{217A1CB7-DE5A-4BBF-8F5F-A562F382243D}"
EndProject
Project("{9A19103F-16F7-4668-BE54-9A1E7A4F7556}") = "LesVariables", "Cours\LesVariables\LesVariables.csproj", "{7E7E1C9D-2E97-41EC-9EB4-8BACF54C8D5F}"
EndProject
Project("{9A19103F-16F7-4668-BE54-9A1E7A4F7556}") = "LesOperateurs", "Cours\LesOperateurs\LesOperateurs.csproj", "{362FF78A-E81E-4886-BD3F-6D1E4C60F1ED}"
EndProject
Project("{9A19103F-16F7-4668-BE54-9A1E7A4F7556}") = "Exercice01-AffichageConsole", "Exercices\Exercice1\Exercice01-AffichageConsole.csproj", "{45AD9D71-5A0E-4016-B947-F501B405CEEF}"
EndProject
Project("{9A19103F-16F7-4668-BE54-9A1E7A4F7556}") = "Exercice02-VariablesString", "Exercices\Exercice2\Exercice02-VariablesString.csproj", "{070F0E53-1AD1-4C0C-B02D-B2D72DF9D59D}"
EndProject
Project("{9A19103F-16F7-4668-BE54-9A1E7A4F7556}") = "Exercice03-VariableStringConcat", "Exercices\Exercice3\Exercice03-VariableStringConcat.csproj", "{E056654F-3E64-4892-8915-F0E8ED86E6BD}"
EndProject
Project("{9A19103F-16F7-4668-BE54-9A1E7A4F7556}") = "Exercice04-VariableIntConcat", "Exercices\Exercice4\Exercice04-VariableIntConcat.csproj", "{0F472B4B-FDF0-46C1-8395-27DAE3C7107B}"
EndProject
Project("{9A19103F-16F7-4668-BE54-9A1E7A4F7556}") = "Exercice05-VariablesNumeriques", "Exercices\Exercice5\Exercice05-VariablesNumeriques.csproj", "{CA1DE7BC-A325-402F-BAD3-A5E13FAA5C6B}"
EndProject
Project("{9A19103F-16F7-4668-BE54-9A1E7A4F7556}") = "Exercice06-CalculAireCarre", "Exercices\Exercice6\Exercice06-CalculAireCarre.csproj", "{43BF7B03-A112-4676-A1F8-3FC3947B4964}"
EndProject
Project("{9A19103F-16F7-4668-BE54-9A1E7A4F7556}") = "Exercice07-CalculHypothenuse", "Exercices\Exercice7\Exercice07-CalculHypothenuse.csproj", "{A2B77E6B-70A8-43E6-9DB3-7CBA16210813}"
EndProject
Project("{9A19103F-16F7-4668-BE54-9A1E7A4F7556}") = "Exercice08-CalculTVA", "Exercices\Exercice8\Exercice08-CalculTVA.csproj", "{FC2C2EB5-A4CD-487E-A56D-32177995BBDA}"
EndProject
Project("{9A19103F-16F7-4668-BE54-9A1E7A4F7556}") = "Exercice09-CalculInterets", "Exercices\Exercice9\Exercice09-CalculInterets.csproj", "{6D1B0489-AB25-4C47-B942-BB78731A05DE}"
EndProject
Project("{9A19103F-16F7-4668-BE54-9A1E7A4F7556}") = "InstructionsIfElse", "Cours\InstructionsIfElse\InstructionsIfElse.csproj", "{D53516B8-D084-4EC1-8584-8D5D0805673A}"
EndProject
Project("{9A19103F-16F7-4668-BE54-9A1E7A4F7556}") = "Exercice10-IfElseVoyelle", "Exercices\Exercice10\Exercice10-IfElseVoyelle.csproj", "{2DDF4539-BC8C-4464-9CB0-8975F9B80591}"
EndProject
Project("{9A19103F-16F7-4668-BE54-9A1E7A4F7556}") = "Exercice11-IfElseNombreDivisible", "Exercices\Exercice11\Exercice11-IfElseNombreDivisible.csproj", "{066E8A89-DEA3-4A39-A6FD-3B81D0F727D1}"
EndProject
Project("{9A19103F-16F7-4668-BE54-9A1E7A4F7556}") = "Exercice12-IfElseQuelleCategorie", "Exercices\Exercice12\Exercice12-IfElseQuelleCategorie.csproj", "{5891E139-8E27-4236-A027-5AC4F2EC82B7}"
EndProject
Project("{9A19103F-16F7-4668-BE54-9A1E7A4F7556}") = "Exercice13-IfElseTriangle", "Exercices\Exercice13\Exercice13-IfElseTriangle.csproj", "{E8B7127C-1788-4035-BEF6-8B616A30B883}"
EndProject
Project("{9A19103F-16F7-4668-BE54-9A1E7A4F7556}") = "Exercice14-ElseIfTailleVetements", "Exercices\Exercice14\Exercice14-ElseIfTailleVetements.csproj", "{F1CAC963-F3DB-4598-9406-5ED46D773589}"
EndProject
Project("{9A19103F-16F7-4668-BE54-9A1E7A4F7556}") = "Exercice15-ElseIfPrimeLicenciement", "Exercices\Exercice15\Exercice15-ElseIfPrimeLicenciement.csproj", "{B0368F2C-3A9D-496F-829E-31477380A5DB}"
EndProject
Project("{9A19103F-16F7-4668-BE54-9A1E7A4F7556}") = "Exercice16-ElseIfCalculImpots", "Exercices\Exercice16\Exercice16-ElseIfCalculImpots.csproj", "{FB7971D2-75CB-45EF-8EE1-AD819C19BF21}"
EndProject
Project("{9A19103F-16F7-4668-BE54-9A1E7A4F7556}") = "SwitchCase", "Cours\SwitchCase\SwitchCase.csproj", "{09EB36D7-65A2-4AEA-A2B1-7F63B7A2134A}"
EndProject
Project("{9A19103F-16F7-4668-BE54-9A1E7A4F7556}") = "Exercice14BIS-Switch-TailleVetements", "Exercices\Exercice14Bis\Exercice14BIS-Switch-TailleVetements.csproj", "{9A529873-5F01-47FF-8FAE-F1D45792E38C}"
EndProject
Project("{9A19103F-16F7-4668-BE54-9A1E7A4F7556}") = "Exercice17-SwitchBoisson", "Exercices\Exercice17\Exercice17-SwitchBoisson.csproj", "{279C2748-7511-46BA-9D04-A6265990DE78}"
EndProject
Project("{9A19103F-16F7-4668-BE54-9A1E7A4F7556}") = "Exercice18-SwitchQuelleCategorie", "Exercices\Exercice18\Exercice18-SwitchQuelleCategorie.csproj", "{03296D2C-22F3-473F-A739-902669CF1849}"
EndProject
Project("{9A19103F-16F7-4668-BE54-9A1E7A4F7556}") = "Exercice19-SwitchImpots", "Exercices\Exercice19\Exercice19-SwitchImpots.csproj", "{F0F86F09-CE15-4856-B3A5-70A8D4B46690}"
EndProject
Project("{9A19103F-16F7-4668-BE54-9A1E7A4F7556}") = "LesBouclesFor", "Cours\LesBouclesFor\LesBouclesFor.csproj", "{B85C3ECC-D7E8-4FDA-959F-A40C25E63EDF}"
EndProject
Project("{2150E333-8FDC-42A3-9474-1A3956D46DE8}") = "LesBouclesEtConditions", "LesBouclesEtConditions", "{0EC1A2A9-9F2E-4D53-8477-A8C077C097E6}"
EndProject
Project("{2150E333-8FDC-42A3-9474-1A3956D46DE8}") = "LaConsole", "LaConsole", "{30C83FC8-F37D-4904-A7F2-A825D9ECFBF7}"
EndProject
Project("{2150E333-8FDC-42A3-9474-1A3956D46DE8}") = "LesTypesEtOperateurs", "LesTypesEtOperateurs", "{2A0949A1-049E-4471-A882-A6DF49A22796}"
EndProject
Project("{9A19103F-16F7-4668-BE54-9A1E7A4F7556}") = "LesBouclesWhile", "Cours\LesBouclesWhile\LesBouclesWhile.csproj", "{E4BEAEC4-D096-4D91-AB31-726D018A293C}"
EndProject
Project("{9A19103F-16F7-4668-BE54-9A1E7A4F7556}") = "Exercice20-ForCompterADix", "Exercices\Exercice20\Exercice20-ForCompterADix.csproj", "{CD983176-3380-4294-AE89-F70D514E62D8}"
EndProject
Project("{9A19103F-16F7-4668-BE54-9A1E7A4F7556}") = "Exercice21-ForMenuEtSousMenu", "Exercices\Exercice21\Exercice21-ForMenuEtSousMenu.csproj", "{7CD6FF82-FCF6-4738-9CF5-CB8A8365C25A}"
EndProject
Project("{9A19103F-16F7-4668-BE54-9A1E7A4F7556}") = "Exercice22-ForTableMultiplication", "Exercices\Exercice22\Exercice22-ForTableMultiplication.csproj", "{B0BCF122-1A59-47DA-BD13-B5163A50AD41}"
EndProject
Project("{9A19103F-16F7-4668-BE54-9A1E7A4F7556}") = "Exercice23-ForAccroissementPopulation", "Exercices\Exercice23\Exercice23-ForAccroissementPopulation.csproj", "{07D6F126-E0FA-4F44-8DDD-30868CCDFA5E}"
EndProject
Project("{9A19103F-16F7-4668-BE54-9A1E7A4F7556}") = "Exercice24-ForChaineEntiers", "Exercices\Exercice24\Exercice24-ForChaineEntiers.csproj", "{BD272F54-18C0-47AB-B443-B23CC3FE359F}"
EndProject
Project("{9A19103F-16F7-4668-BE54-9A1E7A4F7556}") = "Exercice25-ForMeilleurNote", "Exercices\Exercice25\Exercice25-ForMeilleurNote.csproj", "{59D0DD41-63DD-4BA8-84A5-03EE4DE4076E}"
EndProject
Project("{9A19103F-16F7-4668-BE54-9A1E7A4F7556}") = "Exercice26-WhileAccroissementPopulation", "Exercices\Exercice26\Exercice26-WhileAccroissementPopulation.csproj", "{64CC8F04-A863-4933-AE4B-13F5F2B7FF2A}"
EndProject
Project("{9A19103F-16F7-4668-BE54-9A1E7A4F7556}") = "Exercice27-WhileChaineEntiers", "Exercices\Exercice27\Exercice27-WhileChaineEntiers.csproj", "{000C6CE1-B209-43DD-9B82-C36BDE52A295}"
EndProject
Project("{9A19103F-16F7-4668-BE54-9A1E7A4F7556}") = "Exercice28-WhileNombreMystere", "Exercices\Exercice28\Exercice28-WhileNombreMystere.csproj", "{B679DF4B-F44F-4D4E-85AA-BDFAC9FD97F9}"
EndProject
Project("{9A19103F-16F7-4668-BE54-9A1E7A4F7556}") = "Exercice29-WhileMeilleurNote", "Exercices\Exercice29\Exercice29-WhileMeilleurNote.csproj", "{BBF5FAFC-E4F5-4858-B277-A790EEF59CCE}"
EndProject
Project("{9A19103F-16F7-4668-BE54-9A1E7A4F7556}") = "LesBouclesDoWhile", "Cours\LesBouclesDoWhile\LesBouclesDoWhile.csproj", "{FF7631C2-D25D-4FE5-8CAF-471C6D296156}"
EndProject
Project("{9A19103F-16F7-4668-BE54-9A1E7A4F7556}") = "InstructionBreak-Continue", "Cours\InstructionBreak-Continue\InstructionBreak-Continue.csproj", "{0310B54F-14D6-49F2-B212-89F1F1BCEDD1}"
EndProject
Project("{9A19103F-16F7-4668-BE54-9A1E7A4F7556}") = "Exercice30-DoWhileQuestionsMultiples", "Exercices\Exercice30\Exercice30-DoWhileQuestionsMultiples.csproj", "{093423E5-BE3D-4199-B7FA-9974FB82ABF5}"
EndProject
Project("{2150E333-8FDC-42A3-9474-1A3956D46DE8}") = "LesTableaux", "LesTableaux", "{1C47ECA5-46EB-4206-8BBF-1A1780881C32}"
EndProject
Project("{9A19103F-16F7-4668-BE54-9A1E7A4F7556}") = "LesTableaux", "Cours\LesTableaux\LesTableaux.csproj", "{7D0815F5-5E7A-4189-9E2E-9E87464145BE}"
EndProject
Project("{9A19103F-16F7-4668-BE54-9A1E7A4F7556}") = "CopieTableauAvecCopyTo", "Cours\CopieTableauAvecCopyTo\CopieTableauAvecCopyTo.csproj", "{BA653429-FC10-41A9-9ACB-1BD2CC5692A0}"
EndProject
Project("{9A19103F-16F7-4668-BE54-9A1E7A4F7556}") = "CopieTableauAvecClone", "Cours\CopieTableauAvecClone\CopieTableauAvecClone.csproj", "{9BABA2E4-DB58-4415-BABE-795E0DE29CC3}"
EndProject
Project("{9A19103F-16F7-4668-BE54-9A1E7A4F7556}") = "CopieTableauReference", "Cours\CopieTableauReference\CopieTableauReference.csproj", "{A59E7CC3-A8FD-4380-80A3-26601AEA9CAA}"
EndProject
Project("{9A19103F-16F7-4668-BE54-9A1E7A4F7556}") = "Exercice32-TableauxInsertionValeursBis", "Exercices\Exercice32\Exercice32-TableauxInsertionValeursBis.csproj", "{3AB4E712-7928-4ECD-8BBE-A6775586C733}"
EndProject
Project("{9A19103F-16F7-4668-BE54-9A1E7A4F7556}") = "Exercice33-TableauxTableASCII", "Exercices\Exercice33\Exercice33-TableauxTableASCII.csproj", "{C4E1F0A9-88E5-4BD1-A05E-57351F8203E0}"
EndProject
Project("{9A19103F-16F7-4668-BE54-9A1E7A4F7556}") = "Exercice31-DoWhile-MenuGestionNotes", "Exercices\Exercice31-DoWhile-MenuGestionNotes\Exercice31-DoWhile-MenuGestionNotes.csproj", "{C908815B-DD0A-4C8A-9215-6816852555C9}"
EndProject
Project("{9A19103F-16F7-4668-BE54-9A1E7A4F7556}") = "Exercice34-TableauxEstPairEstImpair", "Exercices\Exercice34\Exercice34-TableauxEstPairEstImpair.csproj", "{6B26FFBA-FDC2-45CA-9E1A-D7657A1BCCCF}"
EndProject
Project("{9A19103F-16F7-4668-BE54-9A1E7A4F7556}") = "Exercice35-TableauxListeContacts", "Exercices\Exercice35\Exercice35-TableauxListeContacts.csproj", "{FB6AD909-01FF-44F7-9938-781C521DE234}"
EndProject
Project("{9A19103F-16F7-4668-BE54-9A1E7A4F7556}") = "Exercice36-TableauxDeNotes", "Exercices\Exercice36\Exercice36-TableauxDeNotes.csproj", "{92106451-790D-4424-89B6-048DE9E7F055}"
EndProject
Project("{9A19103F-16F7-4668-BE54-9A1E7A4F7556}") = "Exercice36Bis-Tableaux-GestionNotesMenu", "Exercices\Exercice36Bis-Tableaux-GestionNotesMenu\Exercice36Bis-Tableaux-GestionNotesMenu.csproj", "{FFB34CB7-5ED8-4A6E-B31F-0A35B9B72C4B}"
EndProject
Project("{9A19103F-16F7-4668-BE54-9A1E7A4F7556}") = "LesBouclesForeach", "Cours\LesBouclesForeach\LesBouclesForeach.csproj", "{39932C67-30F6-43CB-A04D-6DBB932D2EE4}"
EndProject
Project("{9A19103F-16F7-4668-BE54-9A1E7A4F7556}") = "Exercice37-ForeachMois", "Exercices\Exercice37\Exercice37-ForeachMois.csproj", "{353AD97D-E8C4-47AF-A201-59B38B29FFCA}"
EndProject
Project("{9A19103F-16F7-4668-BE54-9A1E7A4F7556}") = "Exercice38-ForeachOuEstPasse", "Exercices\Exercice38\Exercice38-ForeachOuEstPasse.csproj", "{90C7B737-3311-4502-8911-555F4AE9086E}"
EndProject
Project("{9A19103F-16F7-4668-BE54-9A1E7A4F7556}") = "Exercice39-TheGreatTP-IDP88", "Exercices\Exercice39-TheGreatTP-IDP88\Exercice39-TheGreatTP-IDP88.csproj", "{6BD39C93-7CAF-42CB-A34B-6A015AC8B7CB}"
EndProject
Project("{9A19103F-16F7-4668-BE54-9A1E7A4F7556}") = "Exercice39-TheGreatTp-Allisson", "Exercices\Exercice39_Allison\Exercice39-TheGreatTp-Allisson.csproj", "{FBD90D87-0443-421B-B106-ECCEF82B4120}"
EndProject
Project("{9A19103F-16F7-4668-BE54-9A1E7A4F7556}") = "Exercice39-TheGreatTpBis", "Exercices\Exercice39-TheGreatTp\Exercice39-TheGreatTpBis.csproj", "{B4FFA32A-1ECB-4E72-9DE8-1AB78540C495}"
EndProject
Project("{9A19103F-16F7-4668-BE54-9A1E7A4F7556}") = "Exercice39-TheGreatTp-Nicolas", "Exercices\Exercice39-TheGreatTp-Nicolas\Exercice39-TheGreatTp-Nicolas.csproj", "{A03EFD1F-718B-4270-97DE-7BAED2E1363A}"
EndProject
Project("{9A19103F-16F7-4668-BE54-9A1E7A4F7556}") = "Exercice39-TheGreatTp-Sebastien", "Exercices\Exercice39-TheGreatTp-Sebastien\Exercice39-TheGreatTp-Sebastien.csproj", "{CA672DD9-E3DE-45E6-9EB9-085A7D36D016}"
EndProject
Project("{9A19103F-16F7-4668-BE54-9A1E7A4F7556}") = "Exercice39-TheGreatTP-ChateauThierry", "Exercices\Exercice39-TheGreatTP-ChateauThierry\Exercice39-TheGreatTP-ChateauThierry.csproj", "{2F51499D-18C9-4046-9B8C-56CCF152F086}"
EndProject
Project("{2150E333-8FDC-42A3-9474-1A3956D46DE8}") = "LeCastingEtBoxing", "LeCastingEtBoxing", "{E9C162AC-D055-4F07-922C-0E61ED7263FE}"
EndProject
Project("{9A19103F-16F7-4668-BE54-9A1E7A4F7556}") = "LeCasting", "Cours\LeCasting\LeCasting.csproj", "{EFA6F6DF-1EA8-4F04-AB9E-BF592BDA349B}"
EndProject
Project("{9A19103F-16F7-4668-BE54-9A1E7A4F7556}") = "LeBoxing", "Cours\LeBoxing\LeBoxing.csproj", "{EC207073-812A-46A5-8636-4681811E2BE5}"
EndProject
Project("{2150E333-8FDC-42A3-9474-1A3956D46DE8}") = "LesFonctions", "LesFonctions", "{B8DAFA6D-0442-49A7-B96E-4F9235985C2E}"
EndProject
Project("{9A19103F-16F7-4668-BE54-9A1E7A4F7556}") = "LesFonctions", "Cours\LesFonctions\LesFonctions.csproj", "{2A07289E-6B2C-4777-95F9-778FB1BB5558}"
EndProject
Project("{9A19103F-16F7-4668-BE54-9A1E7A4F7556}") = "Exercice40-Functions-TheGreatTP", "Exercices\Exercice40-Functions-TheGreatTP\Exercice40-Functions-TheGreatTP.csproj", "{63676F6F-6ABF-4897-B58B-2D8947CBAE18}"
EndProject
Global
	GlobalSection(SolutionConfigurationPlatforms) = preSolution
		Debug|Any CPU = Debug|Any CPU
		Release|Any CPU = Release|Any CPU
	EndGlobalSection
	GlobalSection(ProjectConfigurationPlatforms) = postSolution
		{217A1CB7-DE5A-4BBF-8F5F-A562F382243D}.Debug|Any CPU.ActiveCfg = Debug|Any CPU
		{217A1CB7-DE5A-4BBF-8F5F-A562F382243D}.Debug|Any CPU.Build.0 = Debug|Any CPU
		{217A1CB7-DE5A-4BBF-8F5F-A562F382243D}.Release|Any CPU.ActiveCfg = Release|Any CPU
		{217A1CB7-DE5A-4BBF-8F5F-A562F382243D}.Release|Any CPU.Build.0 = Release|Any CPU
		{7E7E1C9D-2E97-41EC-9EB4-8BACF54C8D5F}.Debug|Any CPU.ActiveCfg = Debug|Any CPU
		{7E7E1C9D-2E97-41EC-9EB4-8BACF54C8D5F}.Debug|Any CPU.Build.0 = Debug|Any CPU
		{7E7E1C9D-2E97-41EC-9EB4-8BACF54C8D5F}.Release|Any CPU.ActiveCfg = Release|Any CPU
		{7E7E1C9D-2E97-41EC-9EB4-8BACF54C8D5F}.Release|Any CPU.Build.0 = Release|Any CPU
		{362FF78A-E81E-4886-BD3F-6D1E4C60F1ED}.Debug|Any CPU.ActiveCfg = Debug|Any CPU
		{362FF78A-E81E-4886-BD3F-6D1E4C60F1ED}.Debug|Any CPU.Build.0 = Debug|Any CPU
		{362FF78A-E81E-4886-BD3F-6D1E4C60F1ED}.Release|Any CPU.ActiveCfg = Release|Any CPU
		{362FF78A-E81E-4886-BD3F-6D1E4C60F1ED}.Release|Any CPU.Build.0 = Release|Any CPU
		{45AD9D71-5A0E-4016-B947-F501B405CEEF}.Debug|Any CPU.ActiveCfg = Debug|Any CPU
		{45AD9D71-5A0E-4016-B947-F501B405CEEF}.Debug|Any CPU.Build.0 = Debug|Any CPU
		{45AD9D71-5A0E-4016-B947-F501B405CEEF}.Release|Any CPU.ActiveCfg = Release|Any CPU
		{45AD9D71-5A0E-4016-B947-F501B405CEEF}.Release|Any CPU.Build.0 = Release|Any CPU
		{070F0E53-1AD1-4C0C-B02D-B2D72DF9D59D}.Debug|Any CPU.ActiveCfg = Debug|Any CPU
		{070F0E53-1AD1-4C0C-B02D-B2D72DF9D59D}.Debug|Any CPU.Build.0 = Debug|Any CPU
		{070F0E53-1AD1-4C0C-B02D-B2D72DF9D59D}.Release|Any CPU.ActiveCfg = Release|Any CPU
		{070F0E53-1AD1-4C0C-B02D-B2D72DF9D59D}.Release|Any CPU.Build.0 = Release|Any CPU
		{E056654F-3E64-4892-8915-F0E8ED86E6BD}.Debug|Any CPU.ActiveCfg = Debug|Any CPU
		{E056654F-3E64-4892-8915-F0E8ED86E6BD}.Debug|Any CPU.Build.0 = Debug|Any CPU
		{E056654F-3E64-4892-8915-F0E8ED86E6BD}.Release|Any CPU.ActiveCfg = Release|Any CPU
		{E056654F-3E64-4892-8915-F0E8ED86E6BD}.Release|Any CPU.Build.0 = Release|Any CPU
		{0F472B4B-FDF0-46C1-8395-27DAE3C7107B}.Debug|Any CPU.ActiveCfg = Debug|Any CPU
		{0F472B4B-FDF0-46C1-8395-27DAE3C7107B}.Debug|Any CPU.Build.0 = Debug|Any CPU
		{0F472B4B-FDF0-46C1-8395-27DAE3C7107B}.Release|Any CPU.ActiveCfg = Release|Any CPU
		{0F472B4B-FDF0-46C1-8395-27DAE3C7107B}.Release|Any CPU.Build.0 = Release|Any CPU
		{CA1DE7BC-A325-402F-BAD3-A5E13FAA5C6B}.Debug|Any CPU.ActiveCfg = Debug|Any CPU
		{CA1DE7BC-A325-402F-BAD3-A5E13FAA5C6B}.Debug|Any CPU.Build.0 = Debug|Any CPU
		{CA1DE7BC-A325-402F-BAD3-A5E13FAA5C6B}.Release|Any CPU.ActiveCfg = Release|Any CPU
		{CA1DE7BC-A325-402F-BAD3-A5E13FAA5C6B}.Release|Any CPU.Build.0 = Release|Any CPU
		{43BF7B03-A112-4676-A1F8-3FC3947B4964}.Debug|Any CPU.ActiveCfg = Debug|Any CPU
		{43BF7B03-A112-4676-A1F8-3FC3947B4964}.Debug|Any CPU.Build.0 = Debug|Any CPU
		{43BF7B03-A112-4676-A1F8-3FC3947B4964}.Release|Any CPU.ActiveCfg = Release|Any CPU
		{43BF7B03-A112-4676-A1F8-3FC3947B4964}.Release|Any CPU.Build.0 = Release|Any CPU
		{A2B77E6B-70A8-43E6-9DB3-7CBA16210813}.Debug|Any CPU.ActiveCfg = Debug|Any CPU
		{A2B77E6B-70A8-43E6-9DB3-7CBA16210813}.Debug|Any CPU.Build.0 = Debug|Any CPU
		{A2B77E6B-70A8-43E6-9DB3-7CBA16210813}.Release|Any CPU.ActiveCfg = Release|Any CPU
		{A2B77E6B-70A8-43E6-9DB3-7CBA16210813}.Release|Any CPU.Build.0 = Release|Any CPU
		{FC2C2EB5-A4CD-487E-A56D-32177995BBDA}.Debug|Any CPU.ActiveCfg = Debug|Any CPU
		{FC2C2EB5-A4CD-487E-A56D-32177995BBDA}.Debug|Any CPU.Build.0 = Debug|Any CPU
		{FC2C2EB5-A4CD-487E-A56D-32177995BBDA}.Release|Any CPU.ActiveCfg = Release|Any CPU
		{FC2C2EB5-A4CD-487E-A56D-32177995BBDA}.Release|Any CPU.Build.0 = Release|Any CPU
		{6D1B0489-AB25-4C47-B942-BB78731A05DE}.Debug|Any CPU.ActiveCfg = Debug|Any CPU
		{6D1B0489-AB25-4C47-B942-BB78731A05DE}.Debug|Any CPU.Build.0 = Debug|Any CPU
		{6D1B0489-AB25-4C47-B942-BB78731A05DE}.Release|Any CPU.ActiveCfg = Release|Any CPU
		{6D1B0489-AB25-4C47-B942-BB78731A05DE}.Release|Any CPU.Build.0 = Release|Any CPU
		{D53516B8-D084-4EC1-8584-8D5D0805673A}.Debug|Any CPU.ActiveCfg = Debug|Any CPU
		{D53516B8-D084-4EC1-8584-8D5D0805673A}.Debug|Any CPU.Build.0 = Debug|Any CPU
		{D53516B8-D084-4EC1-8584-8D5D0805673A}.Release|Any CPU.ActiveCfg = Release|Any CPU
		{D53516B8-D084-4EC1-8584-8D5D0805673A}.Release|Any CPU.Build.0 = Release|Any CPU
		{2DDF4539-BC8C-4464-9CB0-8975F9B80591}.Debug|Any CPU.ActiveCfg = Debug|Any CPU
		{2DDF4539-BC8C-4464-9CB0-8975F9B80591}.Debug|Any CPU.Build.0 = Debug|Any CPU
		{2DDF4539-BC8C-4464-9CB0-8975F9B80591}.Release|Any CPU.ActiveCfg = Release|Any CPU
		{2DDF4539-BC8C-4464-9CB0-8975F9B80591}.Release|Any CPU.Build.0 = Release|Any CPU
		{066E8A89-DEA3-4A39-A6FD-3B81D0F727D1}.Debug|Any CPU.ActiveCfg = Debug|Any CPU
		{066E8A89-DEA3-4A39-A6FD-3B81D0F727D1}.Debug|Any CPU.Build.0 = Debug|Any CPU
		{066E8A89-DEA3-4A39-A6FD-3B81D0F727D1}.Release|Any CPU.ActiveCfg = Release|Any CPU
		{066E8A89-DEA3-4A39-A6FD-3B81D0F727D1}.Release|Any CPU.Build.0 = Release|Any CPU
		{5891E139-8E27-4236-A027-5AC4F2EC82B7}.Debug|Any CPU.ActiveCfg = Debug|Any CPU
		{5891E139-8E27-4236-A027-5AC4F2EC82B7}.Debug|Any CPU.Build.0 = Debug|Any CPU
		{5891E139-8E27-4236-A027-5AC4F2EC82B7}.Release|Any CPU.ActiveCfg = Release|Any CPU
		{5891E139-8E27-4236-A027-5AC4F2EC82B7}.Release|Any CPU.Build.0 = Release|Any CPU
		{E8B7127C-1788-4035-BEF6-8B616A30B883}.Debug|Any CPU.ActiveCfg = Debug|Any CPU
		{E8B7127C-1788-4035-BEF6-8B616A30B883}.Debug|Any CPU.Build.0 = Debug|Any CPU
		{E8B7127C-1788-4035-BEF6-8B616A30B883}.Release|Any CPU.ActiveCfg = Release|Any CPU
		{E8B7127C-1788-4035-BEF6-8B616A30B883}.Release|Any CPU.Build.0 = Release|Any CPU
		{F1CAC963-F3DB-4598-9406-5ED46D773589}.Debug|Any CPU.ActiveCfg = Debug|Any CPU
		{F1CAC963-F3DB-4598-9406-5ED46D773589}.Debug|Any CPU.Build.0 = Debug|Any CPU
		{F1CAC963-F3DB-4598-9406-5ED46D773589}.Release|Any CPU.ActiveCfg = Release|Any CPU
		{F1CAC963-F3DB-4598-9406-5ED46D773589}.Release|Any CPU.Build.0 = Release|Any CPU
		{B0368F2C-3A9D-496F-829E-31477380A5DB}.Debug|Any CPU.ActiveCfg = Debug|Any CPU
		{B0368F2C-3A9D-496F-829E-31477380A5DB}.Debug|Any CPU.Build.0 = Debug|Any CPU
		{B0368F2C-3A9D-496F-829E-31477380A5DB}.Release|Any CPU.ActiveCfg = Release|Any CPU
		{B0368F2C-3A9D-496F-829E-31477380A5DB}.Release|Any CPU.Build.0 = Release|Any CPU
		{FB7971D2-75CB-45EF-8EE1-AD819C19BF21}.Debug|Any CPU.ActiveCfg = Debug|Any CPU
		{FB7971D2-75CB-45EF-8EE1-AD819C19BF21}.Debug|Any CPU.Build.0 = Debug|Any CPU
		{FB7971D2-75CB-45EF-8EE1-AD819C19BF21}.Release|Any CPU.ActiveCfg = Release|Any CPU
		{FB7971D2-75CB-45EF-8EE1-AD819C19BF21}.Release|Any CPU.Build.0 = Release|Any CPU
		{09EB36D7-65A2-4AEA-A2B1-7F63B7A2134A}.Debug|Any CPU.ActiveCfg = Debug|Any CPU
		{09EB36D7-65A2-4AEA-A2B1-7F63B7A2134A}.Debug|Any CPU.Build.0 = Debug|Any CPU
		{09EB36D7-65A2-4AEA-A2B1-7F63B7A2134A}.Release|Any CPU.ActiveCfg = Release|Any CPU
		{09EB36D7-65A2-4AEA-A2B1-7F63B7A2134A}.Release|Any CPU.Build.0 = Release|Any CPU
		{9A529873-5F01-47FF-8FAE-F1D45792E38C}.Debug|Any CPU.ActiveCfg = Debug|Any CPU
		{9A529873-5F01-47FF-8FAE-F1D45792E38C}.Debug|Any CPU.Build.0 = Debug|Any CPU
		{9A529873-5F01-47FF-8FAE-F1D45792E38C}.Release|Any CPU.ActiveCfg = Release|Any CPU
		{9A529873-5F01-47FF-8FAE-F1D45792E38C}.Release|Any CPU.Build.0 = Release|Any CPU
		{279C2748-7511-46BA-9D04-A6265990DE78}.Debug|Any CPU.ActiveCfg = Debug|Any CPU
		{279C2748-7511-46BA-9D04-A6265990DE78}.Debug|Any CPU.Build.0 = Debug|Any CPU
		{279C2748-7511-46BA-9D04-A6265990DE78}.Release|Any CPU.ActiveCfg = Release|Any CPU
		{279C2748-7511-46BA-9D04-A6265990DE78}.Release|Any CPU.Build.0 = Release|Any CPU
		{03296D2C-22F3-473F-A739-902669CF1849}.Debug|Any CPU.ActiveCfg = Debug|Any CPU
		{03296D2C-22F3-473F-A739-902669CF1849}.Debug|Any CPU.Build.0 = Debug|Any CPU
		{03296D2C-22F3-473F-A739-902669CF1849}.Release|Any CPU.ActiveCfg = Release|Any CPU
		{03296D2C-22F3-473F-A739-902669CF1849}.Release|Any CPU.Build.0 = Release|Any CPU
		{F0F86F09-CE15-4856-B3A5-70A8D4B46690}.Debug|Any CPU.ActiveCfg = Debug|Any CPU
		{F0F86F09-CE15-4856-B3A5-70A8D4B46690}.Debug|Any CPU.Build.0 = Debug|Any CPU
		{F0F86F09-CE15-4856-B3A5-70A8D4B46690}.Release|Any CPU.ActiveCfg = Release|Any CPU
		{F0F86F09-CE15-4856-B3A5-70A8D4B46690}.Release|Any CPU.Build.0 = Release|Any CPU
		{B85C3ECC-D7E8-4FDA-959F-A40C25E63EDF}.Debug|Any CPU.ActiveCfg = Debug|Any CPU
		{B85C3ECC-D7E8-4FDA-959F-A40C25E63EDF}.Debug|Any CPU.Build.0 = Debug|Any CPU
		{B85C3ECC-D7E8-4FDA-959F-A40C25E63EDF}.Release|Any CPU.ActiveCfg = Release|Any CPU
		{B85C3ECC-D7E8-4FDA-959F-A40C25E63EDF}.Release|Any CPU.Build.0 = Release|Any CPU
		{E4BEAEC4-D096-4D91-AB31-726D018A293C}.Debug|Any CPU.ActiveCfg = Debug|Any CPU
		{E4BEAEC4-D096-4D91-AB31-726D018A293C}.Debug|Any CPU.Build.0 = Debug|Any CPU
		{E4BEAEC4-D096-4D91-AB31-726D018A293C}.Release|Any CPU.ActiveCfg = Release|Any CPU
		{E4BEAEC4-D096-4D91-AB31-726D018A293C}.Release|Any CPU.Build.0 = Release|Any CPU
		{CD983176-3380-4294-AE89-F70D514E62D8}.Debug|Any CPU.ActiveCfg = Debug|Any CPU
		{CD983176-3380-4294-AE89-F70D514E62D8}.Debug|Any CPU.Build.0 = Debug|Any CPU
		{CD983176-3380-4294-AE89-F70D514E62D8}.Release|Any CPU.ActiveCfg = Release|Any CPU
		{CD983176-3380-4294-AE89-F70D514E62D8}.Release|Any CPU.Build.0 = Release|Any CPU
		{7CD6FF82-FCF6-4738-9CF5-CB8A8365C25A}.Debug|Any CPU.ActiveCfg = Debug|Any CPU
		{7CD6FF82-FCF6-4738-9CF5-CB8A8365C25A}.Debug|Any CPU.Build.0 = Debug|Any CPU
		{7CD6FF82-FCF6-4738-9CF5-CB8A8365C25A}.Release|Any CPU.ActiveCfg = Release|Any CPU
		{7CD6FF82-FCF6-4738-9CF5-CB8A8365C25A}.Release|Any CPU.Build.0 = Release|Any CPU
		{B0BCF122-1A59-47DA-BD13-B5163A50AD41}.Debug|Any CPU.ActiveCfg = Debug|Any CPU
		{B0BCF122-1A59-47DA-BD13-B5163A50AD41}.Debug|Any CPU.Build.0 = Debug|Any CPU
		{B0BCF122-1A59-47DA-BD13-B5163A50AD41}.Release|Any CPU.ActiveCfg = Release|Any CPU
		{B0BCF122-1A59-47DA-BD13-B5163A50AD41}.Release|Any CPU.Build.0 = Release|Any CPU
		{07D6F126-E0FA-4F44-8DDD-30868CCDFA5E}.Debug|Any CPU.ActiveCfg = Debug|Any CPU
		{07D6F126-E0FA-4F44-8DDD-30868CCDFA5E}.Debug|Any CPU.Build.0 = Debug|Any CPU
		{07D6F126-E0FA-4F44-8DDD-30868CCDFA5E}.Release|Any CPU.ActiveCfg = Release|Any CPU
		{07D6F126-E0FA-4F44-8DDD-30868CCDFA5E}.Release|Any CPU.Build.0 = Release|Any CPU
		{BD272F54-18C0-47AB-B443-B23CC3FE359F}.Debug|Any CPU.ActiveCfg = Debug|Any CPU
		{BD272F54-18C0-47AB-B443-B23CC3FE359F}.Debug|Any CPU.Build.0 = Debug|Any CPU
		{BD272F54-18C0-47AB-B443-B23CC3FE359F}.Release|Any CPU.ActiveCfg = Release|Any CPU
		{BD272F54-18C0-47AB-B443-B23CC3FE359F}.Release|Any CPU.Build.0 = Release|Any CPU
		{59D0DD41-63DD-4BA8-84A5-03EE4DE4076E}.Debug|Any CPU.ActiveCfg = Debug|Any CPU
		{59D0DD41-63DD-4BA8-84A5-03EE4DE4076E}.Debug|Any CPU.Build.0 = Debug|Any CPU
		{59D0DD41-63DD-4BA8-84A5-03EE4DE4076E}.Release|Any CPU.ActiveCfg = Release|Any CPU
		{59D0DD41-63DD-4BA8-84A5-03EE4DE4076E}.Release|Any CPU.Build.0 = Release|Any CPU
		{64CC8F04-A863-4933-AE4B-13F5F2B7FF2A}.Debug|Any CPU.ActiveCfg = Debug|Any CPU
		{64CC8F04-A863-4933-AE4B-13F5F2B7FF2A}.Debug|Any CPU.Build.0 = Debug|Any CPU
		{64CC8F04-A863-4933-AE4B-13F5F2B7FF2A}.Release|Any CPU.ActiveCfg = Release|Any CPU
		{64CC8F04-A863-4933-AE4B-13F5F2B7FF2A}.Release|Any CPU.Build.0 = Release|Any CPU
		{000C6CE1-B209-43DD-9B82-C36BDE52A295}.Debug|Any CPU.ActiveCfg = Debug|Any CPU
		{000C6CE1-B209-43DD-9B82-C36BDE52A295}.Debug|Any CPU.Build.0 = Debug|Any CPU
		{000C6CE1-B209-43DD-9B82-C36BDE52A295}.Release|Any CPU.ActiveCfg = Release|Any CPU
		{000C6CE1-B209-43DD-9B82-C36BDE52A295}.Release|Any CPU.Build.0 = Release|Any CPU
		{B679DF4B-F44F-4D4E-85AA-BDFAC9FD97F9}.Debug|Any CPU.ActiveCfg = Debug|Any CPU
		{B679DF4B-F44F-4D4E-85AA-BDFAC9FD97F9}.Debug|Any CPU.Build.0 = Debug|Any CPU
		{B679DF4B-F44F-4D4E-85AA-BDFAC9FD97F9}.Release|Any CPU.ActiveCfg = Release|Any CPU
		{B679DF4B-F44F-4D4E-85AA-BDFAC9FD97F9}.Release|Any CPU.Build.0 = Release|Any CPU
		{BBF5FAFC-E4F5-4858-B277-A790EEF59CCE}.Debug|Any CPU.ActiveCfg = Debug|Any CPU
		{BBF5FAFC-E4F5-4858-B277-A790EEF59CCE}.Debug|Any CPU.Build.0 = Debug|Any CPU
		{BBF5FAFC-E4F5-4858-B277-A790EEF59CCE}.Release|Any CPU.ActiveCfg = Release|Any CPU
		{BBF5FAFC-E4F5-4858-B277-A790EEF59CCE}.Release|Any CPU.Build.0 = Release|Any CPU
		{FF7631C2-D25D-4FE5-8CAF-471C6D296156}.Debug|Any CPU.ActiveCfg = Debug|Any CPU
		{FF7631C2-D25D-4FE5-8CAF-471C6D296156}.Debug|Any CPU.Build.0 = Debug|Any CPU
		{FF7631C2-D25D-4FE5-8CAF-471C6D296156}.Release|Any CPU.ActiveCfg = Release|Any CPU
		{FF7631C2-D25D-4FE5-8CAF-471C6D296156}.Release|Any CPU.Build.0 = Release|Any CPU
		{0310B54F-14D6-49F2-B212-89F1F1BCEDD1}.Debug|Any CPU.ActiveCfg = Debug|Any CPU
		{0310B54F-14D6-49F2-B212-89F1F1BCEDD1}.Debug|Any CPU.Build.0 = Debug|Any CPU
		{0310B54F-14D6-49F2-B212-89F1F1BCEDD1}.Release|Any CPU.ActiveCfg = Release|Any CPU
		{0310B54F-14D6-49F2-B212-89F1F1BCEDD1}.Release|Any CPU.Build.0 = Release|Any CPU
		{093423E5-BE3D-4199-B7FA-9974FB82ABF5}.Debug|Any CPU.ActiveCfg = Debug|Any CPU
		{093423E5-BE3D-4199-B7FA-9974FB82ABF5}.Debug|Any CPU.Build.0 = Debug|Any CPU
		{093423E5-BE3D-4199-B7FA-9974FB82ABF5}.Release|Any CPU.ActiveCfg = Release|Any CPU
		{093423E5-BE3D-4199-B7FA-9974FB82ABF5}.Release|Any CPU.Build.0 = Release|Any CPU
		{7D0815F5-5E7A-4189-9E2E-9E87464145BE}.Debug|Any CPU.ActiveCfg = Debug|Any CPU
		{7D0815F5-5E7A-4189-9E2E-9E87464145BE}.Debug|Any CPU.Build.0 = Debug|Any CPU
		{7D0815F5-5E7A-4189-9E2E-9E87464145BE}.Release|Any CPU.ActiveCfg = Release|Any CPU
		{7D0815F5-5E7A-4189-9E2E-9E87464145BE}.Release|Any CPU.Build.0 = Release|Any CPU
		{BA653429-FC10-41A9-9ACB-1BD2CC5692A0}.Debug|Any CPU.ActiveCfg = Debug|Any CPU
		{BA653429-FC10-41A9-9ACB-1BD2CC5692A0}.Debug|Any CPU.Build.0 = Debug|Any CPU
		{BA653429-FC10-41A9-9ACB-1BD2CC5692A0}.Release|Any CPU.ActiveCfg = Release|Any CPU
		{BA653429-FC10-41A9-9ACB-1BD2CC5692A0}.Release|Any CPU.Build.0 = Release|Any CPU
		{9BABA2E4-DB58-4415-BABE-795E0DE29CC3}.Debug|Any CPU.ActiveCfg = Debug|Any CPU
		{9BABA2E4-DB58-4415-BABE-795E0DE29CC3}.Debug|Any CPU.Build.0 = Debug|Any CPU
		{9BABA2E4-DB58-4415-BABE-795E0DE29CC3}.Release|Any CPU.ActiveCfg = Release|Any CPU
		{9BABA2E4-DB58-4415-BABE-795E0DE29CC3}.Release|Any CPU.Build.0 = Release|Any CPU
		{A59E7CC3-A8FD-4380-80A3-26601AEA9CAA}.Debug|Any CPU.ActiveCfg = Debug|Any CPU
		{A59E7CC3-A8FD-4380-80A3-26601AEA9CAA}.Debug|Any CPU.Build.0 = Debug|Any CPU
		{A59E7CC3-A8FD-4380-80A3-26601AEA9CAA}.Release|Any CPU.ActiveCfg = Release|Any CPU
		{A59E7CC3-A8FD-4380-80A3-26601AEA9CAA}.Release|Any CPU.Build.0 = Release|Any CPU
		{3AB4E712-7928-4ECD-8BBE-A6775586C733}.Debug|Any CPU.ActiveCfg = Debug|Any CPU
		{3AB4E712-7928-4ECD-8BBE-A6775586C733}.Debug|Any CPU.Build.0 = Debug|Any CPU
		{3AB4E712-7928-4ECD-8BBE-A6775586C733}.Release|Any CPU.ActiveCfg = Release|Any CPU
		{3AB4E712-7928-4ECD-8BBE-A6775586C733}.Release|Any CPU.Build.0 = Release|Any CPU
		{C4E1F0A9-88E5-4BD1-A05E-57351F8203E0}.Debug|Any CPU.ActiveCfg = Debug|Any CPU
		{C4E1F0A9-88E5-4BD1-A05E-57351F8203E0}.Debug|Any CPU.Build.0 = Debug|Any CPU
		{C4E1F0A9-88E5-4BD1-A05E-57351F8203E0}.Release|Any CPU.ActiveCfg = Release|Any CPU
		{C4E1F0A9-88E5-4BD1-A05E-57351F8203E0}.Release|Any CPU.Build.0 = Release|Any CPU
		{C908815B-DD0A-4C8A-9215-6816852555C9}.Debug|Any CPU.ActiveCfg = Debug|Any CPU
		{C908815B-DD0A-4C8A-9215-6816852555C9}.Debug|Any CPU.Build.0 = Debug|Any CPU
		{C908815B-DD0A-4C8A-9215-6816852555C9}.Release|Any CPU.ActiveCfg = Release|Any CPU
		{C908815B-DD0A-4C8A-9215-6816852555C9}.Release|Any CPU.Build.0 = Release|Any CPU
		{6B26FFBA-FDC2-45CA-9E1A-D7657A1BCCCF}.Debug|Any CPU.ActiveCfg = Debug|Any CPU
		{6B26FFBA-FDC2-45CA-9E1A-D7657A1BCCCF}.Debug|Any CPU.Build.0 = Debug|Any CPU
		{6B26FFBA-FDC2-45CA-9E1A-D7657A1BCCCF}.Release|Any CPU.ActiveCfg = Release|Any CPU
		{6B26FFBA-FDC2-45CA-9E1A-D7657A1BCCCF}.Release|Any CPU.Build.0 = Release|Any CPU
		{FB6AD909-01FF-44F7-9938-781C521DE234}.Debug|Any CPU.ActiveCfg = Debug|Any CPU
		{FB6AD909-01FF-44F7-9938-781C521DE234}.Debug|Any CPU.Build.0 = Debug|Any CPU
		{FB6AD909-01FF-44F7-9938-781C521DE234}.Release|Any CPU.ActiveCfg = Release|Any CPU
		{FB6AD909-01FF-44F7-9938-781C521DE234}.Release|Any CPU.Build.0 = Release|Any CPU
		{92106451-790D-4424-89B6-048DE9E7F055}.Debug|Any CPU.ActiveCfg = Debug|Any CPU
		{92106451-790D-4424-89B6-048DE9E7F055}.Debug|Any CPU.Build.0 = Debug|Any CPU
		{92106451-790D-4424-89B6-048DE9E7F055}.Release|Any CPU.ActiveCfg = Release|Any CPU
		{92106451-790D-4424-89B6-048DE9E7F055}.Release|Any CPU.Build.0 = Release|Any CPU
		{FFB34CB7-5ED8-4A6E-B31F-0A35B9B72C4B}.Debug|Any CPU.ActiveCfg = Debug|Any CPU
		{FFB34CB7-5ED8-4A6E-B31F-0A35B9B72C4B}.Debug|Any CPU.Build.0 = Debug|Any CPU
		{FFB34CB7-5ED8-4A6E-B31F-0A35B9B72C4B}.Release|Any CPU.ActiveCfg = Release|Any CPU
		{FFB34CB7-5ED8-4A6E-B31F-0A35B9B72C4B}.Release|Any CPU.Build.0 = Release|Any CPU
		{39932C67-30F6-43CB-A04D-6DBB932D2EE4}.Debug|Any CPU.ActiveCfg = Debug|Any CPU
		{39932C67-30F6-43CB-A04D-6DBB932D2EE4}.Debug|Any CPU.Build.0 = Debug|Any CPU
		{39932C67-30F6-43CB-A04D-6DBB932D2EE4}.Release|Any CPU.ActiveCfg = Release|Any CPU
		{39932C67-30F6-43CB-A04D-6DBB932D2EE4}.Release|Any CPU.Build.0 = Release|Any CPU
		{353AD97D-E8C4-47AF-A201-59B38B29FFCA}.Debug|Any CPU.ActiveCfg = Debug|Any CPU
		{353AD97D-E8C4-47AF-A201-59B38B29FFCA}.Debug|Any CPU.Build.0 = Debug|Any CPU
		{353AD97D-E8C4-47AF-A201-59B38B29FFCA}.Release|Any CPU.ActiveCfg = Release|Any CPU
		{353AD97D-E8C4-47AF-A201-59B38B29FFCA}.Release|Any CPU.Build.0 = Release|Any CPU
		{90C7B737-3311-4502-8911-555F4AE9086E}.Debug|Any CPU.ActiveCfg = Debug|Any CPU
		{90C7B737-3311-4502-8911-555F4AE9086E}.Debug|Any CPU.Build.0 = Debug|Any CPU
		{90C7B737-3311-4502-8911-555F4AE9086E}.Release|Any CPU.ActiveCfg = Release|Any CPU
		{90C7B737-3311-4502-8911-555F4AE9086E}.Release|Any CPU.Build.0 = Release|Any CPU
		{6BD39C93-7CAF-42CB-A34B-6A015AC8B7CB}.Debug|Any CPU.ActiveCfg = Debug|Any CPU
		{6BD39C93-7CAF-42CB-A34B-6A015AC8B7CB}.Debug|Any CPU.Build.0 = Debug|Any CPU
		{6BD39C93-7CAF-42CB-A34B-6A015AC8B7CB}.Release|Any CPU.ActiveCfg = Release|Any CPU
		{6BD39C93-7CAF-42CB-A34B-6A015AC8B7CB}.Release|Any CPU.Build.0 = Release|Any CPU
		{FBD90D87-0443-421B-B106-ECCEF82B4120}.Debug|Any CPU.ActiveCfg = Debug|Any CPU
		{FBD90D87-0443-421B-B106-ECCEF82B4120}.Debug|Any CPU.Build.0 = Debug|Any CPU
		{FBD90D87-0443-421B-B106-ECCEF82B4120}.Release|Any CPU.ActiveCfg = Release|Any CPU
		{FBD90D87-0443-421B-B106-ECCEF82B4120}.Release|Any CPU.Build.0 = Release|Any CPU
		{B4FFA32A-1ECB-4E72-9DE8-1AB78540C495}.Debug|Any CPU.ActiveCfg = Debug|Any CPU
		{B4FFA32A-1ECB-4E72-9DE8-1AB78540C495}.Debug|Any CPU.Build.0 = Debug|Any CPU
		{B4FFA32A-1ECB-4E72-9DE8-1AB78540C495}.Release|Any CPU.ActiveCfg = Release|Any CPU
		{B4FFA32A-1ECB-4E72-9DE8-1AB78540C495}.Release|Any CPU.Build.0 = Release|Any CPU
		{A03EFD1F-718B-4270-97DE-7BAED2E1363A}.Debug|Any CPU.ActiveCfg = Debug|Any CPU
		{A03EFD1F-718B-4270-97DE-7BAED2E1363A}.Debug|Any CPU.Build.0 = Debug|Any CPU
		{A03EFD1F-718B-4270-97DE-7BAED2E1363A}.Release|Any CPU.ActiveCfg = Release|Any CPU
		{A03EFD1F-718B-4270-97DE-7BAED2E1363A}.Release|Any CPU.Build.0 = Release|Any CPU
		{CA672DD9-E3DE-45E6-9EB9-085A7D36D016}.Debug|Any CPU.ActiveCfg = Debug|Any CPU
		{CA672DD9-E3DE-45E6-9EB9-085A7D36D016}.Debug|Any CPU.Build.0 = Debug|Any CPU
		{CA672DD9-E3DE-45E6-9EB9-085A7D36D016}.Release|Any CPU.ActiveCfg = Release|Any CPU
		{CA672DD9-E3DE-45E6-9EB9-085A7D36D016}.Release|Any CPU.Build.0 = Release|Any CPU
		{2F51499D-18C9-4046-9B8C-56CCF152F086}.Debug|Any CPU.ActiveCfg = Debug|Any CPU
		{2F51499D-18C9-4046-9B8C-56CCF152F086}.Debug|Any CPU.Build.0 = Debug|Any CPU
		{2F51499D-18C9-4046-9B8C-56CCF152F086}.Release|Any CPU.ActiveCfg = Release|Any CPU
		{2F51499D-18C9-4046-9B8C-56CCF152F086}.Release|Any CPU.Build.0 = Release|Any CPU
		{EFA6F6DF-1EA8-4F04-AB9E-BF592BDA349B}.Debug|Any CPU.ActiveCfg = Debug|Any CPU
		{EFA6F6DF-1EA8-4F04-AB9E-BF592BDA349B}.Debug|Any CPU.Build.0 = Debug|Any CPU
		{EFA6F6DF-1EA8-4F04-AB9E-BF592BDA349B}.Release|Any CPU.ActiveCfg = Release|Any CPU
		{EFA6F6DF-1EA8-4F04-AB9E-BF592BDA349B}.Release|Any CPU.Build.0 = Release|Any CPU
		{EC207073-812A-46A5-8636-4681811E2BE5}.Debug|Any CPU.ActiveCfg = Debug|Any CPU
		{EC207073-812A-46A5-8636-4681811E2BE5}.Debug|Any CPU.Build.0 = Debug|Any CPU
		{EC207073-812A-46A5-8636-4681811E2BE5}.Release|Any CPU.ActiveCfg = Release|Any CPU
		{EC207073-812A-46A5-8636-4681811E2BE5}.Release|Any CPU.Build.0 = Release|Any CPU
		{2A07289E-6B2C-4777-95F9-778FB1BB5558}.Debug|Any CPU.ActiveCfg = Debug|Any CPU
		{2A07289E-6B2C-4777-95F9-778FB1BB5558}.Debug|Any CPU.Build.0 = Debug|Any CPU
		{2A07289E-6B2C-4777-95F9-778FB1BB5558}.Release|Any CPU.ActiveCfg = Release|Any CPU
		{2A07289E-6B2C-4777-95F9-778FB1BB5558}.Release|Any CPU.Build.0 = Release|Any CPU
		{63676F6F-6ABF-4897-B58B-2D8947CBAE18}.Debug|Any CPU.ActiveCfg = Debug|Any CPU
		{63676F6F-6ABF-4897-B58B-2D8947CBAE18}.Debug|Any CPU.Build.0 = Debug|Any CPU
		{63676F6F-6ABF-4897-B58B-2D8947CBAE18}.Release|Any CPU.ActiveCfg = Release|Any CPU
		{63676F6F-6ABF-4897-B58B-2D8947CBAE18}.Release|Any CPU.Build.0 = Release|Any CPU
	EndGlobalSection
	GlobalSection(SolutionProperties) = preSolution
		HideSolutionNode = FALSE
	EndGlobalSection
	GlobalSection(NestedProjects) = preSolution
		{217A1CB7-DE5A-4BBF-8F5F-A562F382243D} = {30C83FC8-F37D-4904-A7F2-A825D9ECFBF7}
		{7E7E1C9D-2E97-41EC-9EB4-8BACF54C8D5F} = {2A0949A1-049E-4471-A882-A6DF49A22796}
		{362FF78A-E81E-4886-BD3F-6D1E4C60F1ED} = {2A0949A1-049E-4471-A882-A6DF49A22796}
		{45AD9D71-5A0E-4016-B947-F501B405CEEF} = {4BA1A60C-C371-4EEB-9EE2-1AE6F5810FB1}
		{070F0E53-1AD1-4C0C-B02D-B2D72DF9D59D} = {4BA1A60C-C371-4EEB-9EE2-1AE6F5810FB1}
		{E056654F-3E64-4892-8915-F0E8ED86E6BD} = {4BA1A60C-C371-4EEB-9EE2-1AE6F5810FB1}
		{0F472B4B-FDF0-46C1-8395-27DAE3C7107B} = {4BA1A60C-C371-4EEB-9EE2-1AE6F5810FB1}
		{CA1DE7BC-A325-402F-BAD3-A5E13FAA5C6B} = {4BA1A60C-C371-4EEB-9EE2-1AE6F5810FB1}
		{43BF7B03-A112-4676-A1F8-3FC3947B4964} = {4BA1A60C-C371-4EEB-9EE2-1AE6F5810FB1}
		{A2B77E6B-70A8-43E6-9DB3-7CBA16210813} = {4BA1A60C-C371-4EEB-9EE2-1AE6F5810FB1}
		{FC2C2EB5-A4CD-487E-A56D-32177995BBDA} = {4BA1A60C-C371-4EEB-9EE2-1AE6F5810FB1}
		{6D1B0489-AB25-4C47-B942-BB78731A05DE} = {4BA1A60C-C371-4EEB-9EE2-1AE6F5810FB1}
		{D53516B8-D084-4EC1-8584-8D5D0805673A} = {0EC1A2A9-9F2E-4D53-8477-A8C077C097E6}
		{2DDF4539-BC8C-4464-9CB0-8975F9B80591} = {4BA1A60C-C371-4EEB-9EE2-1AE6F5810FB1}
		{066E8A89-DEA3-4A39-A6FD-3B81D0F727D1} = {4BA1A60C-C371-4EEB-9EE2-1AE6F5810FB1}
		{5891E139-8E27-4236-A027-5AC4F2EC82B7} = {4BA1A60C-C371-4EEB-9EE2-1AE6F5810FB1}
		{E8B7127C-1788-4035-BEF6-8B616A30B883} = {4BA1A60C-C371-4EEB-9EE2-1AE6F5810FB1}
		{F1CAC963-F3DB-4598-9406-5ED46D773589} = {4BA1A60C-C371-4EEB-9EE2-1AE6F5810FB1}
		{B0368F2C-3A9D-496F-829E-31477380A5DB} = {4BA1A60C-C371-4EEB-9EE2-1AE6F5810FB1}
		{FB7971D2-75CB-45EF-8EE1-AD819C19BF21} = {4BA1A60C-C371-4EEB-9EE2-1AE6F5810FB1}
		{09EB36D7-65A2-4AEA-A2B1-7F63B7A2134A} = {0EC1A2A9-9F2E-4D53-8477-A8C077C097E6}
		{9A529873-5F01-47FF-8FAE-F1D45792E38C} = {4BA1A60C-C371-4EEB-9EE2-1AE6F5810FB1}
		{279C2748-7511-46BA-9D04-A6265990DE78} = {4BA1A60C-C371-4EEB-9EE2-1AE6F5810FB1}
		{03296D2C-22F3-473F-A739-902669CF1849} = {4BA1A60C-C371-4EEB-9EE2-1AE6F5810FB1}
		{F0F86F09-CE15-4856-B3A5-70A8D4B46690} = {4BA1A60C-C371-4EEB-9EE2-1AE6F5810FB1}
		{B85C3ECC-D7E8-4FDA-959F-A40C25E63EDF} = {0EC1A2A9-9F2E-4D53-8477-A8C077C097E6}
		{0EC1A2A9-9F2E-4D53-8477-A8C077C097E6} = {E3472F83-CC99-418D-82A1-5887E5921A25}
		{30C83FC8-F37D-4904-A7F2-A825D9ECFBF7} = {E3472F83-CC99-418D-82A1-5887E5921A25}
		{2A0949A1-049E-4471-A882-A6DF49A22796} = {E3472F83-CC99-418D-82A1-5887E5921A25}
		{E4BEAEC4-D096-4D91-AB31-726D018A293C} = {0EC1A2A9-9F2E-4D53-8477-A8C077C097E6}
		{CD983176-3380-4294-AE89-F70D514E62D8} = {4BA1A60C-C371-4EEB-9EE2-1AE6F5810FB1}
		{7CD6FF82-FCF6-4738-9CF5-CB8A8365C25A} = {4BA1A60C-C371-4EEB-9EE2-1AE6F5810FB1}
		{B0BCF122-1A59-47DA-BD13-B5163A50AD41} = {4BA1A60C-C371-4EEB-9EE2-1AE6F5810FB1}
		{07D6F126-E0FA-4F44-8DDD-30868CCDFA5E} = {4BA1A60C-C371-4EEB-9EE2-1AE6F5810FB1}
		{BD272F54-18C0-47AB-B443-B23CC3FE359F} = {4BA1A60C-C371-4EEB-9EE2-1AE6F5810FB1}
		{59D0DD41-63DD-4BA8-84A5-03EE4DE4076E} = {4BA1A60C-C371-4EEB-9EE2-1AE6F5810FB1}
		{64CC8F04-A863-4933-AE4B-13F5F2B7FF2A} = {4BA1A60C-C371-4EEB-9EE2-1AE6F5810FB1}
		{000C6CE1-B209-43DD-9B82-C36BDE52A295} = {4BA1A60C-C371-4EEB-9EE2-1AE6F5810FB1}
		{B679DF4B-F44F-4D4E-85AA-BDFAC9FD97F9} = {4BA1A60C-C371-4EEB-9EE2-1AE6F5810FB1}
		{BBF5FAFC-E4F5-4858-B277-A790EEF59CCE} = {4BA1A60C-C371-4EEB-9EE2-1AE6F5810FB1}
		{FF7631C2-D25D-4FE5-8CAF-471C6D296156} = {0EC1A2A9-9F2E-4D53-8477-A8C077C097E6}
		{0310B54F-14D6-49F2-B212-89F1F1BCEDD1} = {0EC1A2A9-9F2E-4D53-8477-A8C077C097E6}
		{093423E5-BE3D-4199-B7FA-9974FB82ABF5} = {4BA1A60C-C371-4EEB-9EE2-1AE6F5810FB1}
		{1C47ECA5-46EB-4206-8BBF-1A1780881C32} = {E3472F83-CC99-418D-82A1-5887E5921A25}
		{7D0815F5-5E7A-4189-9E2E-9E87464145BE} = {1C47ECA5-46EB-4206-8BBF-1A1780881C32}
		{BA653429-FC10-41A9-9ACB-1BD2CC5692A0} = {1C47ECA5-46EB-4206-8BBF-1A1780881C32}
		{9BABA2E4-DB58-4415-BABE-795E0DE29CC3} = {1C47ECA5-46EB-4206-8BBF-1A1780881C32}
		{A59E7CC3-A8FD-4380-80A3-26601AEA9CAA} = {1C47ECA5-46EB-4206-8BBF-1A1780881C32}
		{3AB4E712-7928-4ECD-8BBE-A6775586C733} = {4BA1A60C-C371-4EEB-9EE2-1AE6F5810FB1}
		{C4E1F0A9-88E5-4BD1-A05E-57351F8203E0} = {4BA1A60C-C371-4EEB-9EE2-1AE6F5810FB1}
		{C908815B-DD0A-4C8A-9215-6816852555C9} = {4BA1A60C-C371-4EEB-9EE2-1AE6F5810FB1}
		{6B26FFBA-FDC2-45CA-9E1A-D7657A1BCCCF} = {4BA1A60C-C371-4EEB-9EE2-1AE6F5810FB1}
		{FB6AD909-01FF-44F7-9938-781C521DE234} = {4BA1A60C-C371-4EEB-9EE2-1AE6F5810FB1}
		{92106451-790D-4424-89B6-048DE9E7F055} = {4BA1A60C-C371-4EEB-9EE2-1AE6F5810FB1}
		{FFB34CB7-5ED8-4A6E-B31F-0A35B9B72C4B} = {4BA1A60C-C371-4EEB-9EE2-1AE6F5810FB1}
		{39932C67-30F6-43CB-A04D-6DBB932D2EE4} = {0EC1A2A9-9F2E-4D53-8477-A8C077C097E6}
		{353AD97D-E8C4-47AF-A201-59B38B29FFCA} = {4BA1A60C-C371-4EEB-9EE2-1AE6F5810FB1}
		{90C7B737-3311-4502-8911-555F4AE9086E} = {4BA1A60C-C371-4EEB-9EE2-1AE6F5810FB1}
		{6BD39C93-7CAF-42CB-A34B-6A015AC8B7CB} = {4BA1A60C-C371-4EEB-9EE2-1AE6F5810FB1}
		{FBD90D87-0443-421B-B106-ECCEF82B4120} = {4BA1A60C-C371-4EEB-9EE2-1AE6F5810FB1}
		{B4FFA32A-1ECB-4E72-9DE8-1AB78540C495} = {4BA1A60C-C371-4EEB-9EE2-1AE6F5810FB1}
		{A03EFD1F-718B-4270-97DE-7BAED2E1363A} = {4BA1A60C-C371-4EEB-9EE2-1AE6F5810FB1}
		{CA672DD9-E3DE-45E6-9EB9-085A7D36D016} = {4BA1A60C-C371-4EEB-9EE2-1AE6F5810FB1}
		{2F51499D-18C9-4046-9B8C-56CCF152F086} = {4BA1A60C-C371-4EEB-9EE2-1AE6F5810FB1}
		{E9C162AC-D055-4F07-922C-0E61ED7263FE} = {E3472F83-CC99-418D-82A1-5887E5921A25}
		{EFA6F6DF-1EA8-4F04-AB9E-BF592BDA349B} = {E9C162AC-D055-4F07-922C-0E61ED7263FE}
		{EC207073-812A-46A5-8636-4681811E2BE5} = {E9C162AC-D055-4F07-922C-0E61ED7263FE}
		{B8DAFA6D-0442-49A7-B96E-4F9235985C2E} = {E3472F83-CC99-418D-82A1-5887E5921A25}
		{2A07289E-6B2C-4777-95F9-778FB1BB5558} = {B8DAFA6D-0442-49A7-B96E-4F9235985C2E}
		{63676F6F-6ABF-4897-B58B-2D8947CBAE18} = {4BA1A60C-C371-4EEB-9EE2-1AE6F5810FB1}
	EndGlobalSection
	GlobalSection(ExtensibilityGlobals) = postSolution
		SolutionGuid = {54340418-BE26-4C9F-9555-58B880F5D25A}
	EndGlobalSection
EndGlobal
