
Microsoft Visual Studio Solution File, Format Version 12.00
# Visual Studio Version 17
VisualStudioVersion = 17.4.33122.133
MinimumVisualStudioVersion = 10.0.40219.1
Project("{2150E333-8FDC-42A3-9474-1A3956D46DE8}") = "Cours", "Cours", "{E3472F83-CC99-418D-82A1-5887E5921A25}"
EndProject
Project("{2150E333-8FDC-42A3-9474-1A3956D46DE8}") = "Exercices", "Exercices", "{4BA1A60C-C371-4EEB-9EE2-1AE6F5810FB1}"
EndProject
Project("{9A19103F-16F7-4668-BE54-9A1E7A4F7556}") = "DecouverteConsole", "Cours\DecouverteConsole\DecouverteConsole.csproj", "{217A1CB7-DE5A-4BBF-8F5F-A562F382243D}"
EndProject
Project("{FAE04EC0-301F-11D3-BF4B-00C04F79EFBC}") = "Exercice1", "Exercices\Exercice1\Exercice1.csproj", "{C1536595-3401-4191-BD14-BC28F110AFBA}"
EndProject
Project("{FAE04EC0-301F-11D3-BF4B-00C04F79EFBC}") = "LesVariables", "Cours\LesVariables\LesVariables.csproj", "{7E7E1C9D-2E97-41EC-9EB4-8BACF54C8D5F}"
EndProject
Global
	GlobalSection(SolutionConfigurationPlatforms) = preSolution
		Debug|Any CPU = Debug|Any CPU
		Release|Any CPU = Release|Any CPU
	EndGlobalSection
	GlobalSection(ProjectConfigurationPlatforms) = postSolution
		{217A1CB7-DE5A-4BBF-8F5F-A562F382243D}.Debug|Any CPU.ActiveCfg = Debug|Any CPU
		{217A1CB7-DE5A-4BBF-8F5F-A562F382243D}.Debug|Any CPU.Build.0 = Debug|Any CPU
		{217A1CB7-DE5A-4BBF-8F5F-A562F382243D}.Release|Any CPU.ActiveCfg = Release|Any CPU
		{217A1CB7-DE5A-4BBF-8F5F-A562F382243D}.Release|Any CPU.Build.0 = Release|Any CPU
		{C1536595-3401-4191-BD14-BC28F110AFBA}.Debug|Any CPU.ActiveCfg = Debug|Any CPU
		{C1536595-3401-4191-BD14-BC28F110AFBA}.Debug|Any CPU.Build.0 = Debug|Any CPU
		{C1536595-3401-4191-BD14-BC28F110AFBA}.Release|Any CPU.ActiveCfg = Release|Any CPU
		{C1536595-3401-4191-BD14-BC28F110AFBA}.Release|Any CPU.Build.0 = Release|Any CPU
		{7E7E1C9D-2E97-41EC-9EB4-8BACF54C8D5F}.Debug|Any CPU.ActiveCfg = Debug|Any CPU
		{7E7E1C9D-2E97-41EC-9EB4-8BACF54C8D5F}.Debug|Any CPU.Build.0 = Debug|Any CPU
		{7E7E1C9D-2E97-41EC-9EB4-8BACF54C8D5F}.Release|Any CPU.ActiveCfg = Release|Any CPU
		{7E7E1C9D-2E97-41EC-9EB4-8BACF54C8D5F}.Release|Any CPU.Build.0 = Release|Any CPU
	EndGlobalSection
	GlobalSection(SolutionProperties) = preSolution
		HideSolutionNode = FALSE
	EndGlobalSection
	GlobalSection(NestedProjects) = preSolution
		{217A1CB7-DE5A-4BBF-8F5F-A562F382243D} = {E3472F83-CC99-418D-82A1-5887E5921A25}
		{C1536595-3401-4191-BD14-BC28F110AFBA} = {4BA1A60C-C371-4EEB-9EE2-1AE6F5810FB1}
		{7E7E1C9D-2E97-41EC-9EB4-8BACF54C8D5F} = {E3472F83-CC99-418D-82A1-5887E5921A25}
	EndGlobalSection
	GlobalSection(ExtensibilityGlobals) = postSolution
		SolutionGuid = {54340418-BE26-4C9F-9555-58B880F5D25A}
	EndGlobalSection
EndGlobal
