
Microsoft Visual Studio Solution File, Format Version 12.00
# Visual Studio Version 17
VisualStudioVersion = 17.4.33122.133
MinimumVisualStudioVersion = 10.0.40219.1
Project("{2150E333-8FDC-42A3-9474-1A3956D46DE8}") = "Cours", "Cours", "{E3472F83-CC99-418D-82A1-5887E5921A25}"
EndProject
Project("{2150E333-8FDC-42A3-9474-1A3956D46DE8}") = "Exercices", "Exercices", "{4BA1A60C-C371-4EEB-9EE2-1AE6F5810FB1}"
EndProject
Project("{9A19103F-16F7-4668-BE54-9A1E7A4F7556}") = "DecouverteConsole", "Cours\DecouverteConsole\DecouverteConsole.csproj", "{217A1CB7-DE5A-4BBF-8F5F-A562F382243D}"
EndProject
Project("{9A19103F-16F7-4668-BE54-9A1E7A4F7556}") = "LesVariables", "Cours\LesVariables\LesVariables.csproj", "{7E7E1C9D-2E97-41EC-9EB4-8BACF54C8D5F}"
EndProject
Project("{9A19103F-16F7-4668-BE54-9A1E7A4F7556}") = "LesOperateurs", "Cours\LesOperateurs\LesOperateurs.csproj", "{362FF78A-E81E-4886-BD3F-6D1E4C60F1ED}"
EndProject
Project("{9A19103F-16F7-4668-BE54-9A1E7A4F7556}") = "Exercice01-AffichageConsole", "Exercices\Exercice1\Exercice01-AffichageConsole.csproj", "{45AD9D71-5A0E-4016-B947-F501B405CEEF}"
EndProject
Project("{9A19103F-16F7-4668-BE54-9A1E7A4F7556}") = "Exercice02-VariablesString", "Exercices\Exercice2\Exercice02-VariablesString.csproj", "{070F0E53-1AD1-4C0C-B02D-B2D72DF9D59D}"
EndProject
Project("{9A19103F-16F7-4668-BE54-9A1E7A4F7556}") = "Exercice03-VariableStringConcat", "Exercices\Exercice3\Exercice03-VariableStringConcat.csproj", "{E056654F-3E64-4892-8915-F0E8ED86E6BD}"
EndProject
Project("{9A19103F-16F7-4668-BE54-9A1E7A4F7556}") = "Exercice04-VariableIntConcat", "Exercices\Exercice4\Exercice04-VariableIntConcat.csproj", "{0F472B4B-FDF0-46C1-8395-27DAE3C7107B}"
EndProject
Project("{9A19103F-16F7-4668-BE54-9A1E7A4F7556}") = "Exercice05-VariablesNumeriques", "Exercices\Exercice5\Exercice05-VariablesNumeriques.csproj", "{CA1DE7BC-A325-402F-BAD3-A5E13FAA5C6B}"
EndProject
Project("{9A19103F-16F7-4668-BE54-9A1E7A4F7556}") = "Exercice06-CalculAireCarre", "Exercices\Exercice6\Exercice06-CalculAireCarre.csproj", "{43BF7B03-A112-4676-A1F8-3FC3947B4964}"
EndProject
Project("{9A19103F-16F7-4668-BE54-9A1E7A4F7556}") = "Exercice07-CalculHypothenuse", "Exercices\Exercice7\Exercice07-CalculHypothenuse.csproj", "{A2B77E6B-70A8-43E6-9DB3-7CBA16210813}"
EndProject
Project("{9A19103F-16F7-4668-BE54-9A1E7A4F7556}") = "Exercice08-CalculTVA", "Exercices\Exercice8\Exercice08-CalculTVA.csproj", "{FC2C2EB5-A4CD-487E-A56D-32177995BBDA}"
EndProject
Project("{9A19103F-16F7-4668-BE54-9A1E7A4F7556}") = "Exercice09-CalculInterets", "Exercices\Exercice9\Exercice09-CalculInterets.csproj", "{6D1B0489-AB25-4C47-B942-BB78731A05DE}"
EndProject
Project("{9A19103F-16F7-4668-BE54-9A1E7A4F7556}") = "InstructionsIfElse", "Cours\InstructionsIfElse\InstructionsIfElse.csproj", "{D53516B8-D084-4EC1-8584-8D5D0805673A}"
EndProject
Project("{9A19103F-16F7-4668-BE54-9A1E7A4F7556}") = "Exercice10-IfElseVoyelle", "Exercices\Exercice10\Exercice10-IfElseVoyelle.csproj", "{2DDF4539-BC8C-4464-9CB0-8975F9B80591}"
EndProject
Project("{9A19103F-16F7-4668-BE54-9A1E7A4F7556}") = "Exercice11-IfElseNombreDivisible", "Exercices\Exercice11\Exercice11-IfElseNombreDivisible.csproj", "{066E8A89-DEA3-4A39-A6FD-3B81D0F727D1}"
EndProject
Project("{9A19103F-16F7-4668-BE54-9A1E7A4F7556}") = "Exercice12-IfElseQuelleCategorie", "Exercices\Exercice12\Exercice12-IfElseQuelleCategorie.csproj", "{5891E139-8E27-4236-A027-5AC4F2EC82B7}"
EndProject
Project("{9A19103F-16F7-4668-BE54-9A1E7A4F7556}") = "Exercice13-IfElseTriangle", "Exercices\Exercice13\Exercice13-IfElseTriangle.csproj", "{E8B7127C-1788-4035-BEF6-8B616A30B883}"
EndProject
Project("{9A19103F-16F7-4668-BE54-9A1E7A4F7556}") = "Exercice14-ElseIfTailleVetements", "Exercices\Exercice14\Exercice14-ElseIfTailleVetements.csproj", "{F1CAC963-F3DB-4598-9406-5ED46D773589}"
EndProject
Project("{9A19103F-16F7-4668-BE54-9A1E7A4F7556}") = "Exercice15-ElseIfPrimeLicenciement", "Exercices\Exercice15\Exercice15-ElseIfPrimeLicenciement.csproj", "{B0368F2C-3A9D-496F-829E-31477380A5DB}"
EndProject
Project("{9A19103F-16F7-4668-BE54-9A1E7A4F7556}") = "Exercice16-ElseIfCalculImpots", "Exercices\Exercice16\Exercice16-ElseIfCalculImpots.csproj", "{FB7971D2-75CB-45EF-8EE1-AD819C19BF21}"
EndProject
Project("{9A19103F-16F7-4668-BE54-9A1E7A4F7556}") = "SwitchCase", "Cours\SwitchCase\SwitchCase.csproj", "{09EB36D7-65A2-4AEA-A2B1-7F63B7A2134A}"
EndProject
Project("{9A19103F-16F7-4668-BE54-9A1E7A4F7556}") = "Exercice14BIS-Switch-TailleVetements", "Exercices\Exercice14Bis\Exercice14BIS-Switch-TailleVetements.csproj", "{9A529873-5F01-47FF-8FAE-F1D45792E38C}"
EndProject
Project("{9A19103F-16F7-4668-BE54-9A1E7A4F7556}") = "Exercice17-SwitchBoisson", "Exercices\Exercice17\Exercice17-SwitchBoisson.csproj", "{279C2748-7511-46BA-9D04-A6265990DE78}"
EndProject
Project("{9A19103F-16F7-4668-BE54-9A1E7A4F7556}") = "Exercice18-SwitchQuelleCategorie", "Exercices\Exercice18\Exercice18-SwitchQuelleCategorie.csproj", "{03296D2C-22F3-473F-A739-902669CF1849}"
EndProject
Project("{9A19103F-16F7-4668-BE54-9A1E7A4F7556}") = "Exercice19-SwitchImpots", "Exercices\Exercice19\Exercice19-SwitchImpots.csproj", "{F0F86F09-CE15-4856-B3A5-70A8D4B46690}"
EndProject
Project("{FAE04EC0-301F-11D3-BF4B-00C04F79EFBC}") = "LesBouclesFor", "Cours\LesBouclesFor\LesBouclesFor.csproj", "{B85C3ECC-D7E8-4FDA-959F-A40C25E63EDF}"
EndProject
Project("{2150E333-8FDC-42A3-9474-1A3956D46DE8}") = "LesBouclesEtConditions", "LesBouclesEtConditions", "{0EC1A2A9-9F2E-4D53-8477-A8C077C097E6}"
EndProject
Project("{2150E333-8FDC-42A3-9474-1A3956D46DE8}") = "LaConsole", "LaConsole", "{30C83FC8-F37D-4904-A7F2-A825D9ECFBF7}"
EndProject
Project("{2150E333-8FDC-42A3-9474-1A3956D46DE8}") = "LesTypesEtOperations", "LesTypesEtOperations", "{2A0949A1-049E-4471-A882-A6DF49A22796}"
EndProject
Project("{FAE04EC0-301F-11D3-BF4B-00C04F79EFBC}") = "LesBouclesWhile", "Cours\LesBouclesWhile\LesBouclesWhile.csproj", "{E4BEAEC4-D096-4D91-AB31-726D018A293C}"
EndProject
Project("{9A19103F-16F7-4668-BE54-9A1E7A4F7556}") = "Exercice20-ForCompterADix", "D:\MesFormations\PerfectFormationDotNET\FormationCSharp\Exercices\Exercice20\Exercice20-ForCompterADix.csproj", "{83E36EB7-5587-4CCA-86D2-8C5BC621F7FF}"
EndProject
Project("{9A19103F-16F7-4668-BE54-9A1E7A4F7556}") = "Exercice21-ForMenuEtSousMenu", "D:\MesFormations\PerfectFormationDotNET\FormationCSharp\Exercices\Exercice21\Exercice21-ForMenuEtSousMenu.csproj", "{52B6FEC7-602D-4959-9CA1-466E51D8EF06}"
EndProject
Project("{9A19103F-16F7-4668-BE54-9A1E7A4F7556}") = "Exercice22-ForTableMultiplication", "D:\MesFormations\PerfectFormationDotNET\FormationCSharp\Exercices\Exercice22\Exercice22-ForTableMultiplication.csproj", "{6CAB73C1-5864-43C8-A3A2-592D92CAD80F}"
EndProject
Project("{9A19103F-16F7-4668-BE54-9A1E7A4F7556}") = "Exercice23-ForAccroissementPopulation", "D:\MesFormations\PerfectFormationDotNET\FormationCSharp\Exercices\Exercice23\Exercice23-ForAccroissementPopulation.csproj", "{876FC877-1AED-4966-A85E-A24C1C7A25DE}"
EndProject
Project("{9A19103F-16F7-4668-BE54-9A1E7A4F7556}") = "Exercice24-ForChaineEntiers", "D:\MesFormations\PerfectFormationDotNET\FormationCSharp\Exercices\Exercice24\Exercice24-ForChaineEntiers.csproj", "{95640A30-8A81-4F5F-95FD-C6CE699BC380}"
EndProject
Project("{9A19103F-16F7-4668-BE54-9A1E7A4F7556}") = "Exercice25-ForMeilleurNote", "D:\MesFormations\PerfectFormationDotNET\FormationCSharp\Exercices\Exercice25\Exercice25-ForMeilleurNote.csproj", "{0EFB2920-26D1-48FB-A4FB-86A726F6B1E2}"
EndProject
Global
	GlobalSection(SolutionConfigurationPlatforms) = preSolution
		Debug|Any CPU = Debug|Any CPU
		Release|Any CPU = Release|Any CPU
	EndGlobalSection
	GlobalSection(ProjectConfigurationPlatforms) = postSolution
		{217A1CB7-DE5A-4BBF-8F5F-A562F382243D}.Debug|Any CPU.ActiveCfg = Debug|Any CPU
		{217A1CB7-DE5A-4BBF-8F5F-A562F382243D}.Debug|Any CPU.Build.0 = Debug|Any CPU
		{217A1CB7-DE5A-4BBF-8F5F-A562F382243D}.Release|Any CPU.ActiveCfg = Release|Any CPU
		{217A1CB7-DE5A-4BBF-8F5F-A562F382243D}.Release|Any CPU.Build.0 = Release|Any CPU
		{7E7E1C9D-2E97-41EC-9EB4-8BACF54C8D5F}.Debug|Any CPU.ActiveCfg = Debug|Any CPU
		{7E7E1C9D-2E97-41EC-9EB4-8BACF54C8D5F}.Debug|Any CPU.Build.0 = Debug|Any CPU
		{7E7E1C9D-2E97-41EC-9EB4-8BACF54C8D5F}.Release|Any CPU.ActiveCfg = Release|Any CPU
		{7E7E1C9D-2E97-41EC-9EB4-8BACF54C8D5F}.Release|Any CPU.Build.0 = Release|Any CPU
		{362FF78A-E81E-4886-BD3F-6D1E4C60F1ED}.Debug|Any CPU.ActiveCfg = Debug|Any CPU
		{362FF78A-E81E-4886-BD3F-6D1E4C60F1ED}.Debug|Any CPU.Build.0 = Debug|Any CPU
		{362FF78A-E81E-4886-BD3F-6D1E4C60F1ED}.Release|Any CPU.ActiveCfg = Release|Any CPU
		{362FF78A-E81E-4886-BD3F-6D1E4C60F1ED}.Release|Any CPU.Build.0 = Release|Any CPU
		{45AD9D71-5A0E-4016-B947-F501B405CEEF}.Debug|Any CPU.ActiveCfg = Debug|Any CPU
		{45AD9D71-5A0E-4016-B947-F501B405CEEF}.Debug|Any CPU.Build.0 = Debug|Any CPU
		{45AD9D71-5A0E-4016-B947-F501B405CEEF}.Release|Any CPU.ActiveCfg = Release|Any CPU
		{45AD9D71-5A0E-4016-B947-F501B405CEEF}.Release|Any CPU.Build.0 = Release|Any CPU
		{070F0E53-1AD1-4C0C-B02D-B2D72DF9D59D}.Debug|Any CPU.ActiveCfg = Debug|Any CPU
		{070F0E53-1AD1-4C0C-B02D-B2D72DF9D59D}.Debug|Any CPU.Build.0 = Debug|Any CPU
		{070F0E53-1AD1-4C0C-B02D-B2D72DF9D59D}.Release|Any CPU.ActiveCfg = Release|Any CPU
		{070F0E53-1AD1-4C0C-B02D-B2D72DF9D59D}.Release|Any CPU.Build.0 = Release|Any CPU
		{E056654F-3E64-4892-8915-F0E8ED86E6BD}.Debug|Any CPU.ActiveCfg = Debug|Any CPU
		{E056654F-3E64-4892-8915-F0E8ED86E6BD}.Debug|Any CPU.Build.0 = Debug|Any CPU
		{E056654F-3E64-4892-8915-F0E8ED86E6BD}.Release|Any CPU.ActiveCfg = Release|Any CPU
		{E056654F-3E64-4892-8915-F0E8ED86E6BD}.Release|Any CPU.Build.0 = Release|Any CPU
		{0F472B4B-FDF0-46C1-8395-27DAE3C7107B}.Debug|Any CPU.ActiveCfg = Debug|Any CPU
		{0F472B4B-FDF0-46C1-8395-27DAE3C7107B}.Debug|Any CPU.Build.0 = Debug|Any CPU
		{0F472B4B-FDF0-46C1-8395-27DAE3C7107B}.Release|Any CPU.ActiveCfg = Release|Any CPU
		{0F472B4B-FDF0-46C1-8395-27DAE3C7107B}.Release|Any CPU.Build.0 = Release|Any CPU
		{CA1DE7BC-A325-402F-BAD3-A5E13FAA5C6B}.Debug|Any CPU.ActiveCfg = Debug|Any CPU
		{CA1DE7BC-A325-402F-BAD3-A5E13FAA5C6B}.Debug|Any CPU.Build.0 = Debug|Any CPU
		{CA1DE7BC-A325-402F-BAD3-A5E13FAA5C6B}.Release|Any CPU.ActiveCfg = Release|Any CPU
		{CA1DE7BC-A325-402F-BAD3-A5E13FAA5C6B}.Release|Any CPU.Build.0 = Release|Any CPU
		{43BF7B03-A112-4676-A1F8-3FC3947B4964}.Debug|Any CPU.ActiveCfg = Debug|Any CPU
		{43BF7B03-A112-4676-A1F8-3FC3947B4964}.Debug|Any CPU.Build.0 = Debug|Any CPU
		{43BF7B03-A112-4676-A1F8-3FC3947B4964}.Release|Any CPU.ActiveCfg = Release|Any CPU
		{43BF7B03-A112-4676-A1F8-3FC3947B4964}.Release|Any CPU.Build.0 = Release|Any CPU
		{A2B77E6B-70A8-43E6-9DB3-7CBA16210813}.Debug|Any CPU.ActiveCfg = Debug|Any CPU
		{A2B77E6B-70A8-43E6-9DB3-7CBA16210813}.Debug|Any CPU.Build.0 = Debug|Any CPU
		{A2B77E6B-70A8-43E6-9DB3-7CBA16210813}.Release|Any CPU.ActiveCfg = Release|Any CPU
		{A2B77E6B-70A8-43E6-9DB3-7CBA16210813}.Release|Any CPU.Build.0 = Release|Any CPU
		{FC2C2EB5-A4CD-487E-A56D-32177995BBDA}.Debug|Any CPU.ActiveCfg = Debug|Any CPU
		{FC2C2EB5-A4CD-487E-A56D-32177995BBDA}.Debug|Any CPU.Build.0 = Debug|Any CPU
		{FC2C2EB5-A4CD-487E-A56D-32177995BBDA}.Release|Any CPU.ActiveCfg = Release|Any CPU
		{FC2C2EB5-A4CD-487E-A56D-32177995BBDA}.Release|Any CPU.Build.0 = Release|Any CPU
		{6D1B0489-AB25-4C47-B942-BB78731A05DE}.Debug|Any CPU.ActiveCfg = Debug|Any CPU
		{6D1B0489-AB25-4C47-B942-BB78731A05DE}.Debug|Any CPU.Build.0 = Debug|Any CPU
		{6D1B0489-AB25-4C47-B942-BB78731A05DE}.Release|Any CPU.ActiveCfg = Release|Any CPU
		{6D1B0489-AB25-4C47-B942-BB78731A05DE}.Release|Any CPU.Build.0 = Release|Any CPU
		{D53516B8-D084-4EC1-8584-8D5D0805673A}.Debug|Any CPU.ActiveCfg = Debug|Any CPU
		{D53516B8-D084-4EC1-8584-8D5D0805673A}.Debug|Any CPU.Build.0 = Debug|Any CPU
		{D53516B8-D084-4EC1-8584-8D5D0805673A}.Release|Any CPU.ActiveCfg = Release|Any CPU
		{D53516B8-D084-4EC1-8584-8D5D0805673A}.Release|Any CPU.Build.0 = Release|Any CPU
		{2DDF4539-BC8C-4464-9CB0-8975F9B80591}.Debug|Any CPU.ActiveCfg = Debug|Any CPU
		{2DDF4539-BC8C-4464-9CB0-8975F9B80591}.Debug|Any CPU.Build.0 = Debug|Any CPU
		{2DDF4539-BC8C-4464-9CB0-8975F9B80591}.Release|Any CPU.ActiveCfg = Release|Any CPU
		{2DDF4539-BC8C-4464-9CB0-8975F9B80591}.Release|Any CPU.Build.0 = Release|Any CPU
		{066E8A89-DEA3-4A39-A6FD-3B81D0F727D1}.Debug|Any CPU.ActiveCfg = Debug|Any CPU
		{066E8A89-DEA3-4A39-A6FD-3B81D0F727D1}.Debug|Any CPU.Build.0 = Debug|Any CPU
		{066E8A89-DEA3-4A39-A6FD-3B81D0F727D1}.Release|Any CPU.ActiveCfg = Release|Any CPU
		{066E8A89-DEA3-4A39-A6FD-3B81D0F727D1}.Release|Any CPU.Build.0 = Release|Any CPU
		{5891E139-8E27-4236-A027-5AC4F2EC82B7}.Debug|Any CPU.ActiveCfg = Debug|Any CPU
		{5891E139-8E27-4236-A027-5AC4F2EC82B7}.Debug|Any CPU.Build.0 = Debug|Any CPU
		{5891E139-8E27-4236-A027-5AC4F2EC82B7}.Release|Any CPU.ActiveCfg = Release|Any CPU
		{5891E139-8E27-4236-A027-5AC4F2EC82B7}.Release|Any CPU.Build.0 = Release|Any CPU
		{E8B7127C-1788-4035-BEF6-8B616A30B883}.Debug|Any CPU.ActiveCfg = Debug|Any CPU
		{E8B7127C-1788-4035-BEF6-8B616A30B883}.Debug|Any CPU.Build.0 = Debug|Any CPU
		{E8B7127C-1788-4035-BEF6-8B616A30B883}.Release|Any CPU.ActiveCfg = Release|Any CPU
		{E8B7127C-1788-4035-BEF6-8B616A30B883}.Release|Any CPU.Build.0 = Release|Any CPU
		{F1CAC963-F3DB-4598-9406-5ED46D773589}.Debug|Any CPU.ActiveCfg = Debug|Any CPU
		{F1CAC963-F3DB-4598-9406-5ED46D773589}.Debug|Any CPU.Build.0 = Debug|Any CPU
		{F1CAC963-F3DB-4598-9406-5ED46D773589}.Release|Any CPU.ActiveCfg = Release|Any CPU
		{F1CAC963-F3DB-4598-9406-5ED46D773589}.Release|Any CPU.Build.0 = Release|Any CPU
		{B0368F2C-3A9D-496F-829E-31477380A5DB}.Debug|Any CPU.ActiveCfg = Debug|Any CPU
		{B0368F2C-3A9D-496F-829E-31477380A5DB}.Debug|Any CPU.Build.0 = Debug|Any CPU
		{B0368F2C-3A9D-496F-829E-31477380A5DB}.Release|Any CPU.ActiveCfg = Release|Any CPU
		{B0368F2C-3A9D-496F-829E-31477380A5DB}.Release|Any CPU.Build.0 = Release|Any CPU
		{FB7971D2-75CB-45EF-8EE1-AD819C19BF21}.Debug|Any CPU.ActiveCfg = Debug|Any CPU
		{FB7971D2-75CB-45EF-8EE1-AD819C19BF21}.Debug|Any CPU.Build.0 = Debug|Any CPU
		{FB7971D2-75CB-45EF-8EE1-AD819C19BF21}.Release|Any CPU.ActiveCfg = Release|Any CPU
		{FB7971D2-75CB-45EF-8EE1-AD819C19BF21}.Release|Any CPU.Build.0 = Release|Any CPU
		{09EB36D7-65A2-4AEA-A2B1-7F63B7A2134A}.Debug|Any CPU.ActiveCfg = Debug|Any CPU
		{09EB36D7-65A2-4AEA-A2B1-7F63B7A2134A}.Debug|Any CPU.Build.0 = Debug|Any CPU
		{09EB36D7-65A2-4AEA-A2B1-7F63B7A2134A}.Release|Any CPU.ActiveCfg = Release|Any CPU
		{09EB36D7-65A2-4AEA-A2B1-7F63B7A2134A}.Release|Any CPU.Build.0 = Release|Any CPU
		{9A529873-5F01-47FF-8FAE-F1D45792E38C}.Debug|Any CPU.ActiveCfg = Debug|Any CPU
		{9A529873-5F01-47FF-8FAE-F1D45792E38C}.Debug|Any CPU.Build.0 = Debug|Any CPU
		{9A529873-5F01-47FF-8FAE-F1D45792E38C}.Release|Any CPU.ActiveCfg = Release|Any CPU
		{9A529873-5F01-47FF-8FAE-F1D45792E38C}.Release|Any CPU.Build.0 = Release|Any CPU
		{279C2748-7511-46BA-9D04-A6265990DE78}.Debug|Any CPU.ActiveCfg = Debug|Any CPU
		{279C2748-7511-46BA-9D04-A6265990DE78}.Debug|Any CPU.Build.0 = Debug|Any CPU
		{279C2748-7511-46BA-9D04-A6265990DE78}.Release|Any CPU.ActiveCfg = Release|Any CPU
		{279C2748-7511-46BA-9D04-A6265990DE78}.Release|Any CPU.Build.0 = Release|Any CPU
		{03296D2C-22F3-473F-A739-902669CF1849}.Debug|Any CPU.ActiveCfg = Debug|Any CPU
		{03296D2C-22F3-473F-A739-902669CF1849}.Debug|Any CPU.Build.0 = Debug|Any CPU
		{03296D2C-22F3-473F-A739-902669CF1849}.Release|Any CPU.ActiveCfg = Release|Any CPU
		{03296D2C-22F3-473F-A739-902669CF1849}.Release|Any CPU.Build.0 = Release|Any CPU
		{F0F86F09-CE15-4856-B3A5-70A8D4B46690}.Debug|Any CPU.ActiveCfg = Debug|Any CPU
		{F0F86F09-CE15-4856-B3A5-70A8D4B46690}.Debug|Any CPU.Build.0 = Debug|Any CPU
		{F0F86F09-CE15-4856-B3A5-70A8D4B46690}.Release|Any CPU.ActiveCfg = Release|Any CPU
		{F0F86F09-CE15-4856-B3A5-70A8D4B46690}.Release|Any CPU.Build.0 = Release|Any CPU
		{B85C3ECC-D7E8-4FDA-959F-A40C25E63EDF}.Debug|Any CPU.ActiveCfg = Debug|Any CPU
		{B85C3ECC-D7E8-4FDA-959F-A40C25E63EDF}.Debug|Any CPU.Build.0 = Debug|Any CPU
		{B85C3ECC-D7E8-4FDA-959F-A40C25E63EDF}.Release|Any CPU.ActiveCfg = Release|Any CPU
		{B85C3ECC-D7E8-4FDA-959F-A40C25E63EDF}.Release|Any CPU.Build.0 = Release|Any CPU
		{E4BEAEC4-D096-4D91-AB31-726D018A293C}.Debug|Any CPU.ActiveCfg = Debug|Any CPU
		{E4BEAEC4-D096-4D91-AB31-726D018A293C}.Debug|Any CPU.Build.0 = Debug|Any CPU
		{E4BEAEC4-D096-4D91-AB31-726D018A293C}.Release|Any CPU.ActiveCfg = Release|Any CPU
		{E4BEAEC4-D096-4D91-AB31-726D018A293C}.Release|Any CPU.Build.0 = Release|Any CPU
		{83E36EB7-5587-4CCA-86D2-8C5BC621F7FF}.Debug|Any CPU.ActiveCfg = Debug|Any CPU
		{83E36EB7-5587-4CCA-86D2-8C5BC621F7FF}.Debug|Any CPU.Build.0 = Debug|Any CPU
		{83E36EB7-5587-4CCA-86D2-8C5BC621F7FF}.Release|Any CPU.ActiveCfg = Release|Any CPU
		{83E36EB7-5587-4CCA-86D2-8C5BC621F7FF}.Release|Any CPU.Build.0 = Release|Any CPU
		{52B6FEC7-602D-4959-9CA1-466E51D8EF06}.Debug|Any CPU.ActiveCfg = Debug|Any CPU
		{52B6FEC7-602D-4959-9CA1-466E51D8EF06}.Debug|Any CPU.Build.0 = Debug|Any CPU
		{52B6FEC7-602D-4959-9CA1-466E51D8EF06}.Release|Any CPU.ActiveCfg = Release|Any CPU
		{52B6FEC7-602D-4959-9CA1-466E51D8EF06}.Release|Any CPU.Build.0 = Release|Any CPU
		{6CAB73C1-5864-43C8-A3A2-592D92CAD80F}.Debug|Any CPU.ActiveCfg = Debug|Any CPU
		{6CAB73C1-5864-43C8-A3A2-592D92CAD80F}.Debug|Any CPU.Build.0 = Debug|Any CPU
		{6CAB73C1-5864-43C8-A3A2-592D92CAD80F}.Release|Any CPU.ActiveCfg = Release|Any CPU
		{6CAB73C1-5864-43C8-A3A2-592D92CAD80F}.Release|Any CPU.Build.0 = Release|Any CPU
		{876FC877-1AED-4966-A85E-A24C1C7A25DE}.Debug|Any CPU.ActiveCfg = Debug|Any CPU
		{876FC877-1AED-4966-A85E-A24C1C7A25DE}.Debug|Any CPU.Build.0 = Debug|Any CPU
		{876FC877-1AED-4966-A85E-A24C1C7A25DE}.Release|Any CPU.ActiveCfg = Release|Any CPU
		{876FC877-1AED-4966-A85E-A24C1C7A25DE}.Release|Any CPU.Build.0 = Release|Any CPU
		{95640A30-8A81-4F5F-95FD-C6CE699BC380}.Debug|Any CPU.ActiveCfg = Debug|Any CPU
		{95640A30-8A81-4F5F-95FD-C6CE699BC380}.Debug|Any CPU.Build.0 = Debug|Any CPU
		{95640A30-8A81-4F5F-95FD-C6CE699BC380}.Release|Any CPU.ActiveCfg = Release|Any CPU
		{95640A30-8A81-4F5F-95FD-C6CE699BC380}.Release|Any CPU.Build.0 = Release|Any CPU
		{0EFB2920-26D1-48FB-A4FB-86A726F6B1E2}.Debug|Any CPU.ActiveCfg = Debug|Any CPU
		{0EFB2920-26D1-48FB-A4FB-86A726F6B1E2}.Debug|Any CPU.Build.0 = Debug|Any CPU
		{0EFB2920-26D1-48FB-A4FB-86A726F6B1E2}.Release|Any CPU.ActiveCfg = Release|Any CPU
		{0EFB2920-26D1-48FB-A4FB-86A726F6B1E2}.Release|Any CPU.Build.0 = Release|Any CPU
	EndGlobalSection
	GlobalSection(SolutionProperties) = preSolution
		HideSolutionNode = FALSE
	EndGlobalSection
	GlobalSection(NestedProjects) = preSolution
		{217A1CB7-DE5A-4BBF-8F5F-A562F382243D} = {30C83FC8-F37D-4904-A7F2-A825D9ECFBF7}
		{7E7E1C9D-2E97-41EC-9EB4-8BACF54C8D5F} = {2A0949A1-049E-4471-A882-A6DF49A22796}
		{362FF78A-E81E-4886-BD3F-6D1E4C60F1ED} = {2A0949A1-049E-4471-A882-A6DF49A22796}
		{45AD9D71-5A0E-4016-B947-F501B405CEEF} = {4BA1A60C-C371-4EEB-9EE2-1AE6F5810FB1}
		{070F0E53-1AD1-4C0C-B02D-B2D72DF9D59D} = {4BA1A60C-C371-4EEB-9EE2-1AE6F5810FB1}
		{E056654F-3E64-4892-8915-F0E8ED86E6BD} = {4BA1A60C-C371-4EEB-9EE2-1AE6F5810FB1}
		{0F472B4B-FDF0-46C1-8395-27DAE3C7107B} = {4BA1A60C-C371-4EEB-9EE2-1AE6F5810FB1}
		{CA1DE7BC-A325-402F-BAD3-A5E13FAA5C6B} = {4BA1A60C-C371-4EEB-9EE2-1AE6F5810FB1}
		{43BF7B03-A112-4676-A1F8-3FC3947B4964} = {4BA1A60C-C371-4EEB-9EE2-1AE6F5810FB1}
		{A2B77E6B-70A8-43E6-9DB3-7CBA16210813} = {4BA1A60C-C371-4EEB-9EE2-1AE6F5810FB1}
		{FC2C2EB5-A4CD-487E-A56D-32177995BBDA} = {4BA1A60C-C371-4EEB-9EE2-1AE6F5810FB1}
		{6D1B0489-AB25-4C47-B942-BB78731A05DE} = {4BA1A60C-C371-4EEB-9EE2-1AE6F5810FB1}
		{D53516B8-D084-4EC1-8584-8D5D0805673A} = {0EC1A2A9-9F2E-4D53-8477-A8C077C097E6}
		{2DDF4539-BC8C-4464-9CB0-8975F9B80591} = {4BA1A60C-C371-4EEB-9EE2-1AE6F5810FB1}
		{066E8A89-DEA3-4A39-A6FD-3B81D0F727D1} = {4BA1A60C-C371-4EEB-9EE2-1AE6F5810FB1}
		{5891E139-8E27-4236-A027-5AC4F2EC82B7} = {4BA1A60C-C371-4EEB-9EE2-1AE6F5810FB1}
		{E8B7127C-1788-4035-BEF6-8B616A30B883} = {4BA1A60C-C371-4EEB-9EE2-1AE6F5810FB1}
		{F1CAC963-F3DB-4598-9406-5ED46D773589} = {4BA1A60C-C371-4EEB-9EE2-1AE6F5810FB1}
		{B0368F2C-3A9D-496F-829E-31477380A5DB} = {4BA1A60C-C371-4EEB-9EE2-1AE6F5810FB1}
		{FB7971D2-75CB-45EF-8EE1-AD819C19BF21} = {4BA1A60C-C371-4EEB-9EE2-1AE6F5810FB1}
		{09EB36D7-65A2-4AEA-A2B1-7F63B7A2134A} = {0EC1A2A9-9F2E-4D53-8477-A8C077C097E6}
		{9A529873-5F01-47FF-8FAE-F1D45792E38C} = {4BA1A60C-C371-4EEB-9EE2-1AE6F5810FB1}
		{279C2748-7511-46BA-9D04-A6265990DE78} = {4BA1A60C-C371-4EEB-9EE2-1AE6F5810FB1}
		{03296D2C-22F3-473F-A739-902669CF1849} = {4BA1A60C-C371-4EEB-9EE2-1AE6F5810FB1}
		{F0F86F09-CE15-4856-B3A5-70A8D4B46690} = {4BA1A60C-C371-4EEB-9EE2-1AE6F5810FB1}
		{B85C3ECC-D7E8-4FDA-959F-A40C25E63EDF} = {0EC1A2A9-9F2E-4D53-8477-A8C077C097E6}
		{0EC1A2A9-9F2E-4D53-8477-A8C077C097E6} = {E3472F83-CC99-418D-82A1-5887E5921A25}
		{30C83FC8-F37D-4904-A7F2-A825D9ECFBF7} = {E3472F83-CC99-418D-82A1-5887E5921A25}
		{2A0949A1-049E-4471-A882-A6DF49A22796} = {E3472F83-CC99-418D-82A1-5887E5921A25}
		{E4BEAEC4-D096-4D91-AB31-726D018A293C} = {0EC1A2A9-9F2E-4D53-8477-A8C077C097E6}
		{83E36EB7-5587-4CCA-86D2-8C5BC621F7FF} = {4BA1A60C-C371-4EEB-9EE2-1AE6F5810FB1}
		{52B6FEC7-602D-4959-9CA1-466E51D8EF06} = {4BA1A60C-C371-4EEB-9EE2-1AE6F5810FB1}
		{6CAB73C1-5864-43C8-A3A2-592D92CAD80F} = {4BA1A60C-C371-4EEB-9EE2-1AE6F5810FB1}
		{876FC877-1AED-4966-A85E-A24C1C7A25DE} = {4BA1A60C-C371-4EEB-9EE2-1AE6F5810FB1}
		{95640A30-8A81-4F5F-95FD-C6CE699BC380} = {4BA1A60C-C371-4EEB-9EE2-1AE6F5810FB1}
		{0EFB2920-26D1-48FB-A4FB-86A726F6B1E2} = {4BA1A60C-C371-4EEB-9EE2-1AE6F5810FB1}
	EndGlobalSection
	GlobalSection(ExtensibilityGlobals) = postSolution
		SolutionGuid = {54340418-BE26-4C9F-9555-58B880F5D25A}
	EndGlobalSection
EndGlobal
